// !$*UTF8*$!
{
	archiveVersion = 1;
	classes = {
	};
	objectVersion = 48;
	objects = {

/* Begin PBXBuildFile section */
		77B909C11F7A03A500F9CBFB /* AppDelegate.m in Sources */ = {isa = PBXBuildFile; fileRef = 77B909C01F7A03A500F9CBFB /* AppDelegate.m */; };
		77B909C41F7A03A500F9CBFB /* ViewController.m in Sources */ = {isa = PBXBuildFile; fileRef = 77B909C31F7A03A500F9CBFB /* ViewController.m */; };
		77B909C71F7A03A500F9CBFB /* Main.storyboard in Resources */ = {isa = PBXBuildFile; fileRef = 77B909C51F7A03A500F9CBFB /* Main.storyboard */; };
		77B909C91F7A03A500F9CBFB /* Assets.xcassets in Resources */ = {isa = PBXBuildFile; fileRef = 77B909C81F7A03A500F9CBFB /* Assets.xcassets */; };
		77B909CC1F7A03A500F9CBFB /* LaunchScreen.storyboard in Resources */ = {isa = PBXBuildFile; fileRef = 77B909CA1F7A03A500F9CBFB /* LaunchScreen.storyboard */; };
		77B909CF1F7A03A500F9CBFB /* main.m in Sources */ = {isa = PBXBuildFile; fileRef = 77B909CE1F7A03A500F9CBFB /* main.m */; };
/* End PBXBuildFile section */

/* Begin PBXFileReference section */
		77B909BC1F7A03A500F9CBFB /* CrackQianTang.app */ = {isa = PBXFileReference; explicitFileType = wrapper.application; includeInIndex = 0; path = CrackQianTang.app; sourceTree = BUILT_PRODUCTS_DIR; };
		77B909BF1F7A03A500F9CBFB /* AppDelegate.h */ = {isa = PBXFileReference; lastKnownFileType = sourcecode.c.h; path = AppDelegate.h; sourceTree = "<group>"; };
		77B909C01F7A03A500F9CBFB /* AppDelegate.m */ = {isa = PBXFileReference; lastKnownFileType = sourcecode.c.objc; path = AppDelegate.m; sourceTree = "<group>"; };
		77B909C21F7A03A500F9CBFB /* ViewController.h */ = {isa = PBXFileReference; lastKnownFileType = sourcecode.c.h; path = ViewController.h; sourceTree = "<group>"; };
		77B909C31F7A03A500F9CBFB /* ViewController.m */ = {isa = PBXFileReference; lastKnownFileType = sourcecode.c.objc; path = ViewController.m; sourceTree = "<group>"; };
		77B909C61F7A03A500F9CBFB /* Base */ = {isa = PBXFileReference; lastKnownFileType = file.storyboard; name = Base; path = Base.lproj/Main.storyboard; sourceTree = "<group>"; };
		77B909C81F7A03A500F9CBFB /* Assets.xcassets */ = {isa = PBXFileReference; lastKnownFileType = folder.assetcatalog; path = Assets.xcassets; sourceTree = "<group>"; };
		77B909CB1F7A03A500F9CBFB /* Base */ = {isa = PBXFileReference; lastKnownFileType = file.storyboard; name = Base; path = Base.lproj/LaunchScreen.storyboard; sourceTree = "<group>"; };
		77B909CD1F7A03A500F9CBFB /* Info.plist */ = {isa = PBXFileReference; lastKnownFileType = text.plist.xml; path = Info.plist; sourceTree = "<group>"; };
		77B909CE1F7A03A500F9CBFB /* main.m */ = {isa = PBXFileReference; lastKnownFileType = sourcecode.c.objc; path = main.m; sourceTree = "<group>"; };
/* End PBXFileReference section */

/* Begin PBXFrameworksBuildPhase section */
		77B909B91F7A03A500F9CBFB /* Frameworks */ = {
			isa = PBXFrameworksBuildPhase;
			buildActionMask = 2147483647;
			files = (
			);
			runOnlyForDeploymentPostprocessing = 0;
		};
/* End PBXFrameworksBuildPhase section */

/* Begin PBXGroup section */
		77B909B31F7A03A500F9CBFB = {
			isa = PBXGroup;
			children = (
				77B909BE1F7A03A500F9CBFB /* CrackQianTang */,
				77B909BD1F7A03A500F9CBFB /* Products */,
			);
			sourceTree = "<group>";
		};
		77B909BD1F7A03A500F9CBFB /* Products */ = {
			isa = PBXGroup;
			children = (
				77B909BC1F7A03A500F9CBFB /* CrackQianTang.app */,
			);
			name = Products;
			sourceTree = "<group>";
		};
		77B909BE1F7A03A500F9CBFB /* CrackQianTang */ = {
			isa = PBXGroup;
			children = (
				77B909BF1F7A03A500F9CBFB /* AppDelegate.h */,
				77B909C01F7A03A500F9CBFB /* AppDelegate.m */,
				77B909C21F7A03A500F9CBFB /* ViewController.h */,
				77B909C31F7A03A500F9CBFB /* ViewController.m */,
				77B909C51F7A03A500F9CBFB /* Main.storyboard */,
				77B909C81F7A03A500F9CBFB /* Assets.xcassets */,
				77B909CA1F7A03A500F9CBFB /* LaunchScreen.storyboard */,
				77B909CD1F7A03A500F9CBFB /* Info.plist */,
				77B909CE1F7A03A500F9CBFB /* main.m */,
			);
			path = CrackQianTang;
			sourceTree = "<group>";
		};
/* End PBXGroup section */

/* Begin PBXNativeTarget section */
		77B909BB1F7A03A500F9CBFB /* CrackQianTang */ = {
			isa = PBXNativeTarget;
			buildConfigurationList = 77B909D21F7A03A500F9CBFB /* Build configuration list for PBXNativeTarget "CrackQianTang" */;
			buildPhases = (
				77B909B81F7A03A500F9CBFB /* Sources */,
				77B909B91F7A03A500F9CBFB /* Frameworks */,
				77B909BA1F7A03A500F9CBFB /* Resources */,
			);
			buildRules = (
			);
			dependencies = (
			);
			name = CrackQianTang;
			productName = CrackQianTang;
			productReference = 77B909BC1F7A03A500F9CBFB /* CrackQianTang.app */;
			productType = "com.apple.product-type.application";
		};
/* End PBXNativeTarget section */

/* Begin PBXProject section */
		77B909B41F7A03A500F9CBFB /* Project object */ = {
			isa = PBXProject;
			attributes = {
				LastUpgradeCheck = 0900;
				ORGANIZATIONNAME = maainong;
				TargetAttributes = {
					77B909BB1F7A03A500F9CBFB = {
						CreatedOnToolsVersion = 9.0;
						ProvisioningStyle = Automatic;
					};
				};
			};
			buildConfigurationList = 77B909B71F7A03A500F9CBFB /* Build configuration list for PBXProject "CrackQianTang" */;
			compatibilityVersion = "Xcode 8.0";
			developmentRegion = en;
			hasScannedForEncodings = 0;
			knownRegions = (
				en,
				Base,
			);
			mainGroup = 77B909B31F7A03A500F9CBFB;
			productRefGroup = 77B909BD1F7A03A500F9CBFB /* Products */;
			projectDirPath = "";
			projectRoot = "";
			targets = (
				77B909BB1F7A03A500F9CBFB /* CrackQianTang */,
			);
		};
/* End PBXProject section */

/* Begin PBXResourcesBuildPhase section */
		77B909BA1F7A03A500F9CBFB /* Resources */ = {
			isa = PBXResourcesBuildPhase;
			buildActionMask = 2147483647;
			files = (
				77B909CC1F7A03A500F9CBFB /* LaunchScreen.storyboard in Resources */,
				77B909C91F7A03A500F9CBFB /* Assets.xcassets in Resources */,
				77B909C71F7A03A500F9CBFB /* Main.storyboard in Resources */,
			);
			runOnlyForDeploymentPostprocessing = 0;
		};
/* End PBXResourcesBuildPhase section */

/* Begin PBXSourcesBuildPhase section */
		77B909B81F7A03A500F9CBFB /* Sources */ = {
			isa = PBXSourcesBuildPhase;
			buildActionMask = 2147483647;
			files = (
				77B909C41F7A03A500F9CBFB /* ViewController.m in Sources */,
				77B909CF1F7A03A500F9CBFB /* main.m in Sources */,
				77B909C11F7A03A500F9CBFB /* AppDelegate.m in Sources */,
			);
			runOnlyForDeploymentPostprocessing = 0;
		};
/* End PBXSourcesBuildPhase section */

/* Begin PBXVariantGroup section */
		77B909C51F7A03A500F9CBFB /* Main.storyboard */ = {
			isa = PBXVariantGroup;
			children = (
				77B909C61F7A03A500F9CBFB /* Base */,
			);
			name = Main.storyboard;
			sourceTree = "<group>";
		};
		77B909CA1F7A03A500F9CBFB /* LaunchScreen.storyboard */ = {
			isa = PBXVariantGroup;
			children = (
				77B909CB1F7A03A500F9CBFB /* Base */,
			);
			name = LaunchScreen.storyboard;
			sourceTree = "<group>";
		};
/* End PBXVariantGroup section */

/* Begin XCBuildConfiguration section */
		77B909D01F7A03A500F9CBFB /* Debug */ = {
			isa = XCBuildConfiguration;
			buildSettings = {
				ALWAYS_SEARCH_USER_PATHS = NO;
				CLANG_ANALYZER_NONNULL = YES;
				CLANG_ANALYZER_NUMBER_OBJECT_CONVERSION = YES_AGGRESSIVE;
				CLANG_CXX_LANGUAGE_STANDARD = "gnu++14";
				CLANG_CXX_LIBRARY = "libc++";
				CLANG_ENABLE_MODULES = YES;
				CLANG_ENABLE_OBJC_ARC = YES;
				CLANG_WARN_BLOCK_CAPTURE_AUTORELEASING = YES;
				CLANG_WARN_BOOL_CONVERSION = YES;
				CLANG_WARN_COMMA = YES;
				CLANG_WARN_CONSTANT_CONVERSION = YES;
				CLANG_WARN_DIRECT_OBJC_ISA_USAGE = YES_ERROR;
				CLANG_WARN_DOCUMENTATION_COMMENTS = YES;
				CLANG_WARN_EMPTY_BODY = YES;
				CLANG_WARN_ENUM_CONVERSION = YES;
				CLANG_WARN_INFINITE_RECURSION = YES;
				CLANG_WARN_INT_CONVERSION = YES;
				CLANG_WARN_NON_LITERAL_NULL_CONVERSION = YES;
				CLANG_WARN_OBJC_LITERAL_CONVERSION = YES;
				CLANG_WARN_OBJC_ROOT_CLASS = YES_ERROR;
				CLANG_WARN_RANGE_LOOP_ANALYSIS = YES;
				CLANG_WARN_STRICT_PROTOTYPES = YES;
				CLANG_WARN_SUSPICIOUS_MOVE = YES;
				CLANG_WARN_UNGUARDED_AVAILABILITY = YES_AGGRESSIVE;
				CLANG_WARN_UNREACHABLE_CODE = YES;
				CLANG_WARN__DUPLICATE_METHOD_MATCH = YES;
				CODE_SIGN_IDENTITY = "iPhone Developer";
				COPY_PHASE_STRIP = NO;
				DEBUG_INFORMATION_FORMAT = dwarf;
				ENABLE_STRICT_OBJC_MSGSEND = YES;
				ENABLE_TESTABILITY = YES;
				GCC_C_LANGUAGE_STANDARD = gnu11;
				GCC_DYNAMIC_NO_PIC = NO;
				GCC_NO_COMMON_BLOCKS = YES;
				GCC_OPTIMIZATION_LEVEL = 0;
				GCC_PREPROCESSOR_DEFINITIONS = (
					"DEBUG=1",
					"$(inherited)",
				);
				GCC_WARN_64_TO_32_BIT_CONVERSION = YES;
				GCC_WARN_ABOUT_RETURN_TYPE = YES_ERROR;
				GCC_WARN_UNDECLARED_SELECTOR = YES;
				GCC_WARN_UNINITIALIZED_AUTOS = YES_AGGRESSIVE;
				GCC_WARN_UNUSED_FUNCTION = YES;
				GCC_WARN_UNUSED_VARIABLE = YES;
				IPHONEOS_DEPLOYMENT_TARGET = 11.0;
				MTL_ENABLE_DEBUG_INFO = YES;
				ONLY_ACTIVE_ARCH = YES;
				SDKROOT = iphoneos;
			};
			name = Debug;
		};
		77B909D11F7A03A500F9CBFB /* Release */ = {
			isa = XCBuildConfiguration;
			buildSettings = {
				ALWAYS_SEARCH_USER_PATHS = NO;
				CLANG_ANALYZER_NONNULL = YES;
				CLANG_ANALYZER_NUMBER_OBJECT_CONVERSION = YES_AGGRESSIVE;
				CLANG_CXX_LANGUAGE_STANDARD = "gnu++14";
				CLANG_CXX_LIBRARY = "libc++";
				CLANG_ENABLE_MODULES = YES;
				CLANG_ENABLE_OBJC_ARC = YES;
				CLANG_WARN_BLOCK_CAPTURE_AUTORELEASING = YES;
				CLANG_WARN_BOOL_CONVERSION = YES;
				CLANG_WARN_COMMA = YES;
				CLANG_WARN_CONSTANT_CONVERSION = YES;
				CLANG_WARN_DIRECT_OBJC_ISA_USAGE = YES_ERROR;
				CLANG_WARN_DOCUMENTATION_COMMENTS = YES;
				CLANG_WARN_EMPTY_BODY = YES;
				CLANG_WARN_ENUM_CONVERSION = YES;
				CLANG_WARN_INFINITE_RECURSION = YES;
				CLANG_WARN_INT_CONVERSION = YES;
				CLANG_WARN_NON_LITERAL_NULL_CONVERSION = YES;
				CLANG_WARN_OBJC_LITERAL_CONVERSION = YES;
				CLANG_WARN_OBJC_ROOT_CLASS = YES_ERROR;
				CLANG_WARN_RANGE_LOOP_ANALYSIS = YES;
				CLANG_WARN_STRICT_PROTOTYPES = YES;
				CLANG_WARN_SUSPICIOUS_MOVE = YES;
				CLANG_WARN_UNGUARDED_AVAILABILITY = YES_AGGRESSIVE;
				CLANG_WARN_UNREACHABLE_CODE = YES;
				CLANG_WARN__DUPLICATE_METHOD_MATCH = YES;
				CODE_SIGN_IDENTITY = "iPhone Developer";
				COPY_PHASE_STRIP = NO;
				DEBUG_INFORMATION_FORMAT = "dwarf-with-dsym";
				ENABLE_NS_ASSERTIONS = NO;
				ENABLE_STRICT_OBJC_MSGSEND = YES;
				GCC_C_LANGUAGE_STANDARD = gnu11;
				GCC_NO_COMMON_BLOCKS = YES;
				GCC_WARN_64_TO_32_BIT_CONVERSION = YES;
				GCC_WARN_ABOUT_RETURN_TYPE = YES_ERROR;
				GCC_WARN_UNDECLARED_SELECTOR = YES;
				GCC_WARN_UNINITIALIZED_AUTOS = YES_AGGRESSIVE;
				GCC_WARN_UNUSED_FUNCTION = YES;
				GCC_WARN_UNUSED_VARIABLE = YES;
				IPHONEOS_DEPLOYMENT_TARGET = 11.0;
				MTL_ENABLE_DEBUG_INFO = NO;
				SDKROOT = iphoneos;
				VALIDATE_PRODUCT = YES;
			};
			name = Release;
		};
		77B909D31F7A03A500F9CBFB /* Debug */ = {
			isa = XCBuildConfiguration;
			buildSettings = {
				ASSETCATALOG_COMPILER_APPICON_NAME = AppIcon;
				CODE_SIGN_STYLE = Automatic;
				INFOPLIST_FILE = CrackQianTang/Info.plist;
				LD_RUNPATH_SEARCH_PATHS = "$(inherited) @executable_path/Frameworks";
				PRODUCT_BUNDLE_IDENTIFIER = com.matrix.CrackQianTang;
				PRODUCT_NAME = "$(TARGET_NAME)";
				TARGETED_DEVICE_FAMILY = "1,2";
			};
			name = Debug;
		};
		77B909D41F7A03A500F9CBFB /* Release */ = {
			isa = XCBuildConfiguration;
			buildSettings = {
				ASSETCATALOG_COMPILER_APPICON_NAME = AppIcon;
				CODE_SIGN_STYLE = Automatic;
				INFOPLIST_FILE = CrackQianTang/Info.plist;
				LD_RUNPATH_SEARCH_PATHS = "$(inherited) @executable_path/Frameworks";
				PRODUCT_BUNDLE_IDENTIFIER = com.matrix.CrackQianTang;
				PRODUCT_NAME = "$(TARGET_NAME)";
				TARGETED_DEVICE_FAMILY = "1,2";
			};
			name = Release;
		};
/* End XCBuildConfiguration section */

/* Begin XCConfigurationList section */
		77B909B71F7A03A500F9CBFB /* Build configuration list for PBXProject "CrackQianTang" */ = {
			isa = XCConfigurationList;
			buildConfigurations = (
				77B909D01F7A03A500F9CBFB /* Debug */,
				77B909D11F7A03A500F9CBFB /* Release */,
			);
			defaultConfigurationIsVisible = 0;
			defaultConfigurationName = Release;
		};
		77B909D21F7A03A500F9CBFB /* Build configuration list for PBXNativeTarget "CrackQianTang" */ = {
			isa = XCConfigurationList;
			buildConfigurations = (
				77B909D31F7A03A500F9CBFB /* Debug */,
				77B909D41F7A03A500F9CBFB /* Release */,
			);
			defaultConfigurationIsVisible = 0;
			defaultConfigurationName = Release;
		};
/* End XCConfigurationList section */
	};
	rootObject = 77B909B41F7A03A500F9CBFB /* Project object */;
}
