// !$*UTF8*$!
{
	archiveVersion = 1;
	classes = {
	};
	objectVersion = 48;
	objects = {

/* Begin PBXBuildFile section */
		7704DBF51F7B775A00C069FF /* QTElementToView.m in Sources */ = {isa = PBXBuildFile; fileRef = 7704DBF41F7B775A00C069FF /* QTElementToView.m */; };
		7704DBF81F7B780E00C069FF /* QTBaseView.m in Sources */ = {isa = PBXBuildFile; fileRef = 7704DBF71F7B780E00C069FF /* QTBaseView.m */; };
		7704DBFB1F7B783C00C069FF /* QTFinshView.m in Sources */ = {isa = PBXBuildFile; fileRef = 7704DBFA1F7B783C00C069FF /* QTFinshView.m */; };
		7704DBFE1F7B784B00C069FF /* QTHorizonBlockView.m in Sources */ = {isa = PBXBuildFile; fileRef = 7704DBFD1F7B784B00C069FF /* QTHorizonBlockView.m */; };
		7704DC011F7B785C00C069FF /* QTVerticalBlockView.m in Sources */ = {isa = PBXBuildFile; fileRef = 7704DC001F7B785C00C069FF /* QTVerticalBlockView.m */; };
		7704DC041F7B788700C069FF /* QTViewFatory.m in Sources */ = {isa = PBXBuildFile; fileRef = 7704DC031F7B788700C069FF /* QTViewFatory.m */; };
		77B909C11F7A03A500F9CBFB /* AppDelegate.m in Sources */ = {isa = PBXBuildFile; fileRef = 77B909C01F7A03A500F9CBFB /* AppDelegate.m */; };
		77B909C41F7A03A500F9CBFB /* ViewController.m in Sources */ = {isa = PBXBuildFile; fileRef = 77B909C31F7A03A500F9CBFB /* ViewController.m */; };
		77B909C71F7A03A500F9CBFB /* Main.storyboard in Resources */ = {isa = PBXBuildFile; fileRef = 77B909C51F7A03A500F9CBFB /* Main.storyboard */; };
		77B909C91F7A03A500F9CBFB /* Assets.xcassets in Resources */ = {isa = PBXBuildFile; fileRef = 77B909C81F7A03A500F9CBFB /* Assets.xcassets */; };
		77B909CC1F7A03A500F9CBFB /* LaunchScreen.storyboard in Resources */ = {isa = PBXBuildFile; fileRef = 77B909CA1F7A03A500F9CBFB /* LaunchScreen.storyboard */; };
		77B909CF1F7A03A500F9CBFB /* main.m in Sources */ = {isa = PBXBuildFile; fileRef = 77B909CE1F7A03A500F9CBFB /* main.m */; };
		77B909D71F7A06CA00F9CBFB /* GameBoardView.m in Sources */ = {isa = PBXBuildFile; fileRef = 77B909D61F7A06CA00F9CBFB /* GameBoardView.m */; };
		77B909DB1F7A1A0700F9CBFB /* QTGameEngine.m in Sources */ = {isa = PBXBuildFile; fileRef = 77B909DA1F7A1A0700F9CBFB /* QTGameEngine.m */; };
		77B909DE1F7A1A5800F9CBFB /* QTGameMap.m in Sources */ = {isa = PBXBuildFile; fileRef = 77B909DD1F7A1A5800F9CBFB /* QTGameMap.m */; };
		77B909E11F7A1C0E00F9CBFB /* QTGameElement.m in Sources */ = {isa = PBXBuildFile; fileRef = 77B909E01F7A1C0E00F9CBFB /* QTGameElement.m */; };
		77B909E41F7A20AA00F9CBFB /* QTFishHeader.m in Sources */ = {isa = PBXBuildFile; fileRef = 77B909E31F7A20AA00F9CBFB /* QTFishHeader.m */; };
		77B909E71F7A217600F9CBFB /* QTFishBlocker.m in Sources */ = {isa = PBXBuildFile; fileRef = 77B909E61F7A217600F9CBFB /* QTFishBlocker.m */; };
		77B909EA1F7A21B100F9CBFB /* QTGameElementFactory.m in Sources */ = {isa = PBXBuildFile; fileRef = 77B909E91F7A21B100F9CBFB /* QTGameElementFactory.m */; };
		77B909ED1F7A266600F9CBFB /* QTIdentifyGenerator.m in Sources */ = {isa = PBXBuildFile; fileRef = 77B909EC1F7A266600F9CBFB /* QTIdentifyGenerator.m */; };
/* End PBXBuildFile section */

/* Begin PBXFileReference section */
		7704DBF31F7B775A00C069FF /* QTElementToView.h */ = {isa = PBXFileReference; lastKnownFileType = sourcecode.c.h; path = QTElementToView.h; sourceTree = "<group>"; };
		7704DBF41F7B775A00C069FF /* QTElementToView.m */ = {isa = PBXFileReference; lastKnownFileType = sourcecode.c.objc; path = QTElementToView.m; sourceTree = "<group>"; };
		7704DBF61F7B780E00C069FF /* QTBaseView.h */ = {isa = PBXFileReference; lastKnownFileType = sourcecode.c.h; path = QTBaseView.h; sourceTree = "<group>"; };
		7704DBF71F7B780E00C069FF /* QTBaseView.m */ = {isa = PBXFileReference; lastKnownFileType = sourcecode.c.objc; path = QTBaseView.m; sourceTree = "<group>"; };
		7704DBF91F7B783C00C069FF /* QTFinshView.h */ = {isa = PBXFileReference; lastKnownFileType = sourcecode.c.h; path = QTFinshView.h; sourceTree = "<group>"; };
		7704DBFA1F7B783C00C069FF /* QTFinshView.m */ = {isa = PBXFileReference; lastKnownFileType = sourcecode.c.objc; path = QTFinshView.m; sourceTree = "<group>"; };
		7704DBFC1F7B784B00C069FF /* QTHorizonBlockView.h */ = {isa = PBXFileReference; lastKnownFileType = sourcecode.c.h; path = QTHorizonBlockView.h; sourceTree = "<group>"; };
		7704DBFD1F7B784B00C069FF /* QTHorizonBlockView.m */ = {isa = PBXFileReference; lastKnownFileType = sourcecode.c.objc; path = QTHorizonBlockView.m; sourceTree = "<group>"; };
		7704DBFF1F7B785C00C069FF /* QTVerticalBlockView.h */ = {isa = PBXFileReference; lastKnownFileType = sourcecode.c.h; path = QTVerticalBlockView.h; sourceTree = "<group>"; };
		7704DC001F7B785C00C069FF /* QTVerticalBlockView.m */ = {isa = PBXFileReference; lastKnownFileType = sourcecode.c.objc; path = QTVerticalBlockView.m; sourceTree = "<group>"; };
		7704DC021F7B788700C069FF /* QTViewFatory.h */ = {isa = PBXFileReference; lastKnownFileType = sourcecode.c.h; path = QTViewFatory.h; sourceTree = "<group>"; };
		7704DC031F7B788700C069FF /* QTViewFatory.m */ = {isa = PBXFileReference; lastKnownFileType = sourcecode.c.objc; path = QTViewFatory.m; sourceTree = "<group>"; };
		77B909BC1F7A03A500F9CBFB /* CrackQianTang.app */ = {isa = PBXFileReference; explicitFileType = wrapper.application; includeInIndex = 0; path = CrackQianTang.app; sourceTree = BUILT_PRODUCTS_DIR; };
		77B909BF1F7A03A500F9CBFB /* AppDelegate.h */ = {isa = PBXFileReference; lastKnownFileType = sourcecode.c.h; path = AppDelegate.h; sourceTree = "<group>"; };
		77B909C01F7A03A500F9CBFB /* AppDelegate.m */ = {isa = PBXFileReference; lastKnownFileType = sourcecode.c.objc; path = AppDelegate.m; sourceTree = "<group>"; };
		77B909C21F7A03A500F9CBFB /* ViewController.h */ = {isa = PBXFileReference; lastKnownFileType = sourcecode.c.h; path = ViewController.h; sourceTree = "<group>"; };
		77B909C31F7A03A500F9CBFB /* ViewController.m */ = {isa = PBXFileReference; lastKnownFileType = sourcecode.c.objc; path = ViewController.m; sourceTree = "<group>"; };
		77B909C61F7A03A500F9CBFB /* Base */ = {isa = PBXFileReference; lastKnownFileType = file.storyboard; name = Base; path = Base.lproj/Main.storyboard; sourceTree = "<group>"; };
		77B909C81F7A03A500F9CBFB /* Assets.xcassets */ = {isa = PBXFileReference; lastKnownFileType = folder.assetcatalog; path = Assets.xcassets; sourceTree = "<group>"; };
		77B909CB1F7A03A500F9CBFB /* Base */ = {isa = PBXFileReference; lastKnownFileType = file.storyboard; name = Base; path = Base.lproj/LaunchScreen.storyboard; sourceTree = "<group>"; };
		77B909CD1F7A03A500F9CBFB /* Info.plist */ = {isa = PBXFileReference; lastKnownFileType = text.plist.xml; path = Info.plist; sourceTree = "<group>"; };
		77B909CE1F7A03A500F9CBFB /* main.m */ = {isa = PBXFileReference; lastKnownFileType = sourcecode.c.objc; path = main.m; sourceTree = "<group>"; };
		77B909D51F7A06CA00F9CBFB /* GameBoardView.h */ = {isa = PBXFileReference; lastKnownFileType = sourcecode.c.h; path = GameBoardView.h; sourceTree = "<group>"; };
		77B909D61F7A06CA00F9CBFB /* GameBoardView.m */ = {isa = PBXFileReference; lastKnownFileType = sourcecode.c.objc; path = GameBoardView.m; sourceTree = "<group>"; };
		77B909D91F7A1A0700F9CBFB /* QTGameEngine.h */ = {isa = PBXFileReference; lastKnownFileType = sourcecode.c.h; path = QTGameEngine.h; sourceTree = "<group>"; };
		77B909DA1F7A1A0700F9CBFB /* QTGameEngine.m */ = {isa = PBXFileReference; lastKnownFileType = sourcecode.c.objc; path = QTGameEngine.m; sourceTree = "<group>"; };
		77B909DC1F7A1A5800F9CBFB /* QTGameMap.h */ = {isa = PBXFileReference; lastKnownFileType = sourcecode.c.h; path = QTGameMap.h; sourceTree = "<group>"; };
		77B909DD1F7A1A5800F9CBFB /* QTGameMap.m */ = {isa = PBXFileReference; lastKnownFileType = sourcecode.c.objc; path = QTGameMap.m; sourceTree = "<group>"; };
		77B909DF1F7A1C0E00F9CBFB /* QTGameElement.h */ = {isa = PBXFileReference; lastKnownFileType = sourcecode.c.h; path = QTGameElement.h; sourceTree = "<group>"; };
		77B909E01F7A1C0E00F9CBFB /* QTGameElement.m */ = {isa = PBXFileReference; lastKnownFileType = sourcecode.c.objc; path = QTGameElement.m; sourceTree = "<group>"; };
		77B909E21F7A20AA00F9CBFB /* QTFishHeader.h */ = {isa = PBXFileReference; lastKnownFileType = sourcecode.c.h; path = QTFishHeader.h; sourceTree = "<group>"; };
		77B909E31F7A20AA00F9CBFB /* QTFishHeader.m */ = {isa = PBXFileReference; lastKnownFileType = sourcecode.c.objc; path = QTFishHeader.m; sourceTree = "<group>"; };
		77B909E51F7A217600F9CBFB /* QTFishBlocker.h */ = {isa = PBXFileReference; lastKnownFileType = sourcecode.c.h; path = QTFishBlocker.h; sourceTree = "<group>"; };
		77B909E61F7A217600F9CBFB /* QTFishBlocker.m */ = {isa = PBXFileReference; lastKnownFileType = sourcecode.c.objc; path = QTFishBlocker.m; sourceTree = "<group>"; };
		77B909E81F7A21B100F9CBFB /* QTGameElementFactory.h */ = {isa = PBXFileReference; lastKnownFileType = sourcecode.c.h; path = QTGameElementFactory.h; sourceTree = "<group>"; };
		77B909E91F7A21B100F9CBFB /* QTGameElementFactory.m */ = {isa = PBXFileReference; lastKnownFileType = sourcecode.c.objc; path = QTGameElementFactory.m; sourceTree = "<group>"; };
		77B909EB1F7A266600F9CBFB /* QTIdentifyGenerator.h */ = {isa = PBXFileReference; lastKnownFileType = sourcecode.c.h; path = QTIdentifyGenerator.h; sourceTree = "<group>"; };
		77B909EC1F7A266600F9CBFB /* QTIdentifyGenerator.m */ = {isa = PBXFileReference; lastKnownFileType = sourcecode.c.objc; path = QTIdentifyGenerator.m; sourceTree = "<group>"; };
/* End PBXFileReference section */

/* Begin PBXFrameworksBuildPhase section */
		77B909B91F7A03A500F9CBFB /* Frameworks */ = {
			isa = PBXFrameworksBuildPhase;
			buildActionMask = 2147483647;
			files = (
			);
			runOnlyForDeploymentPostprocessing = 0;
		};
/* End PBXFrameworksBuildPhase section */

/* Begin PBXGroup section */
		7704DBF21F7B773800C069FF /* View */ = {
			isa = PBXGroup;
			children = (
				7704DBF31F7B775A00C069FF /* QTElementToView.h */,
				7704DBF41F7B775A00C069FF /* QTElementToView.m */,
				77B909D51F7A06CA00F9CBFB /* GameBoardView.h */,
				77B909D61F7A06CA00F9CBFB /* GameBoardView.m */,
				7704DBF61F7B780E00C069FF /* QTBaseView.h */,
				7704DBF71F7B780E00C069FF /* QTBaseView.m */,
				7704DBF91F7B783C00C069FF /* QTFinshView.h */,
				7704DBFA1F7B783C00C069FF /* QTFinshView.m */,
				7704DBFC1F7B784B00C069FF /* QTHorizonBlockView.h */,
				7704DBFD1F7B784B00C069FF /* QTHorizonBlockView.m */,
				7704DBFF1F7B785C00C069FF /* QTVerticalBlockView.h */,
				7704DC001F7B785C00C069FF /* QTVerticalBlockView.m */,
				7704DC021F7B788700C069FF /* QTViewFatory.h */,
				7704DC031F7B788700C069FF /* QTViewFatory.m */,
			);
			path = View;
			sourceTree = "<group>";
		};
		77B909B31F7A03A500F9CBFB = {
			isa = PBXGroup;
			children = (
				77B909BE1F7A03A500F9CBFB /* CrackQianTang */,
				77B909BD1F7A03A500F9CBFB /* Products */,
			);
			sourceTree = "<group>";
		};
		77B909BD1F7A03A500F9CBFB /* Products */ = {
			isa = PBXGroup;
			children = (
				77B909BC1F7A03A500F9CBFB /* CrackQianTang.app */,
			);
			name = Products;
			sourceTree = "<group>";
		};
		77B909BE1F7A03A500F9CBFB /* CrackQianTang */ = {
			isa = PBXGroup;
			children = (
				7704DBF21F7B773800C069FF /* View */,
				77B909D81F7A06D200F9CBFB /* GameEngine */,
				77B909BF1F7A03A500F9CBFB /* AppDelegate.h */,
				77B909C01F7A03A500F9CBFB /* AppDelegate.m */,
				77B909C21F7A03A500F9CBFB /* ViewController.h */,
				77B909C31F7A03A500F9CBFB /* ViewController.m */,
				77B909C51F7A03A500F9CBFB /* Main.storyboard */,
				77B909C81F7A03A500F9CBFB /* Assets.xcassets */,
				77B909CA1F7A03A500F9CBFB /* LaunchScreen.storyboard */,
				77B909CD1F7A03A500F9CBFB /* Info.plist */,
				77B909CE1F7A03A500F9CBFB /* main.m */,
			);
			path = CrackQianTang;
			sourceTree = "<group>";
		};
		77B909D81F7A06D200F9CBFB /* GameEngine */ = {
			isa = PBXGroup;
			children = (
				77B909D91F7A1A0700F9CBFB /* QTGameEngine.h */,
				77B909DA1F7A1A0700F9CBFB /* QTGameEngine.m */,
				77B909DC1F7A1A5800F9CBFB /* QTGameMap.h */,
				77B909DD1F7A1A5800F9CBFB /* QTGameMap.m */,
				77B909EB1F7A266600F9CBFB /* QTIdentifyGenerator.h */,
				77B909EC1F7A266600F9CBFB /* QTIdentifyGenerator.m */,
				77B909E81F7A21B100F9CBFB /* QTGameElementFactory.h */,
				77B909E91F7A21B100F9CBFB /* QTGameElementFactory.m */,
				77B909DF1F7A1C0E00F9CBFB /* QTGameElement.h */,
				77B909E01F7A1C0E00F9CBFB /* QTGameElement.m */,
				77B909E21F7A20AA00F9CBFB /* QTFishHeader.h */,
				77B909E31F7A20AA00F9CBFB /* QTFishHeader.m */,
				77B909E51F7A217600F9CBFB /* QTFishBlocker.h */,
				77B909E61F7A217600F9CBFB /* QTFishBlocker.m */,
			);
			path = GameEngine;
			sourceTree = "<group>";
		};
/* End PBXGroup section */

/* Begin PBXNativeTarget section */
		77B909BB1F7A03A500F9CBFB /* CrackQianTang */ = {
			isa = PBXNativeTarget;
			buildConfigurationList = 77B909D21F7A03A500F9CBFB /* Build configuration list for PBXNativeTarget "CrackQianTang" */;
			buildPhases = (
				77B909B81F7A03A500F9CBFB /* Sources */,
				77B909B91F7A03A500F9CBFB /* Frameworks */,
				77B909BA1F7A03A500F9CBFB /* Resources */,
			);
			buildRules = (
			);
			dependencies = (
			);
			name = CrackQianTang;
			productName = CrackQianTang;
			productReference = 77B909BC1F7A03A500F9CBFB /* CrackQianTang.app */;
			productType = "com.apple.product-type.application";
		};
/* End PBXNativeTarget section */

/* Begin PBXProject section */
		77B909B41F7A03A500F9CBFB /* Project object */ = {
			isa = PBXProject;
			attributes = {
				LastUpgradeCheck = 0900;
				ORGANIZATIONNAME = maainong;
				TargetAttributes = {
					77B909BB1F7A03A500F9CBFB = {
						CreatedOnToolsVersion = 9.0;
						ProvisioningStyle = Automatic;
					};
				};
			};
			buildConfigurationList = 77B909B71F7A03A500F9CBFB /* Build configuration list for PBXProject "CrackQianTang" */;
			compatibilityVersion = "Xcode 8.0";
			developmentRegion = en;
			hasScannedForEncodings = 0;
			knownRegions = (
				en,
				Base,
			);
			mainGroup = 77B909B31F7A03A500F9CBFB;
			productRefGroup = 77B909BD1F7A03A500F9CBFB /* Products */;
			projectDirPath = "";
			projectRoot = "";
			targets = (
				77B909BB1F7A03A500F9CBFB /* CrackQianTang */,
			);
		};
/* End PBXProject section */

/* Begin PBXResourcesBuildPhase section */
		77B909BA1F7A03A500F9CBFB /* Resources */ = {
			isa = PBXResourcesBuildPhase;
			buildActionMask = 2147483647;
			files = (
				77B909CC1F7A03A500F9CBFB /* LaunchScreen.storyboard in Resources */,
				77B909C91F7A03A500F9CBFB /* Assets.xcassets in Resources */,
				77B909C71F7A03A500F9CBFB /* Main.storyboard in Resources */,
			);
			runOnlyForDeploymentPostprocessing = 0;
		};
/* End PBXResourcesBuildPhase section */

/* Begin PBXSourcesBuildPhase section */
		77B909B81F7A03A500F9CBFB /* Sources */ = {
			isa = PBXSourcesBuildPhase;
			buildActionMask = 2147483647;
			files = (
				77B909C41F7A03A500F9CBFB /* ViewController.m in Sources */,
				7704DBF51F7B775A00C069FF /* QTElementToView.m in Sources */,
				77B909E41F7A20AA00F9CBFB /* QTFishHeader.m in Sources */,
				77B909ED1F7A266600F9CBFB /* QTIdentifyGenerator.m in Sources */,
				77B909DB1F7A1A0700F9CBFB /* QTGameEngine.m in Sources */,
				7704DC011F7B785C00C069FF /* QTVerticalBlockView.m in Sources */,
				77B909CF1F7A03A500F9CBFB /* main.m in Sources */,
				77B909EA1F7A21B100F9CBFB /* QTGameElementFactory.m in Sources */,
				77B909E11F7A1C0E00F9CBFB /* QTGameElement.m in Sources */,
				7704DBFB1F7B783C00C069FF /* QTFinshView.m in Sources */,
				77B909DE1F7A1A5800F9CBFB /* QTGameMap.m in Sources */,
				7704DBF81F7B780E00C069FF /* QTBaseView.m in Sources */,
				77B909E71F7A217600F9CBFB /* QTFishBlocker.m in Sources */,
				7704DC041F7B788700C069FF /* QTViewFatory.m in Sources */,
				77B909C11F7A03A500F9CBFB /* AppDelegate.m in Sources */,
				77B909D71F7A06CA00F9CBFB /* GameBoardView.m in Sources */,
				7704DBFE1F7B784B00C069FF /* QTHorizonBlockView.m in Sources */,
			);
			runOnlyForDeploymentPostprocessing = 0;
		};
/* End PBXSourcesBuildPhase section */

/* Begin PBXVariantGroup section */
		77B909C51F7A03A500F9CBFB /* Main.storyboard */ = {
			isa = PBXVariantGroup;
			children = (
				77B909C61F7A03A500F9CBFB /* Base */,
			);
			name = Main.storyboard;
			sourceTree = "<group>";
		};
		77B909CA1F7A03A500F9CBFB /* LaunchScreen.storyboard */ = {
			isa = PBXVariantGroup;
			children = (
				77B909CB1F7A03A500F9CBFB /* Base */,
			);
			name = LaunchScreen.storyboard;
			sourceTree = "<group>";
		};
/* End PBXVariantGroup section */

/* Begin XCBuildConfiguration section */
		77B909D01F7A03A500F9CBFB /* Debug */ = {
			isa = XCBuildConfiguration;
			buildSettings = {
				ALWAYS_SEARCH_USER_PATHS = NO;
				CLANG_ANALYZER_NONNULL = YES;
				CLANG_ANALYZER_NUMBER_OBJECT_CONVERSION = YES_AGGRESSIVE;
				CLANG_CXX_LANGUAGE_STANDARD = "gnu++14";
				CLANG_CXX_LIBRARY = "libc++";
				CLANG_ENABLE_MODULES = YES;
				CLANG_ENABLE_OBJC_ARC = YES;
				CLANG_WARN_BLOCK_CAPTURE_AUTORELEASING = YES;
				CLANG_WARN_BOOL_CONVERSION = YES;
				CLANG_WARN_COMMA = YES;
				CLANG_WARN_CONSTANT_CONVERSION = YES;
				CLANG_WARN_DIRECT_OBJC_ISA_USAGE = YES_ERROR;
				CLANG_WARN_DOCUMENTATION_COMMENTS = YES;
				CLANG_WARN_EMPTY_BODY = YES;
				CLANG_WARN_ENUM_CONVERSION = YES;
				CLANG_WARN_INFINITE_RECURSION = YES;
				CLANG_WARN_INT_CONVERSION = YES;
				CLANG_WARN_NON_LITERAL_NULL_CONVERSION = YES;
				CLANG_WARN_OBJC_LITERAL_CONVERSION = YES;
				CLANG_WARN_OBJC_ROOT_CLASS = YES_ERROR;
				CLANG_WARN_RANGE_LOOP_ANALYSIS = YES;
				CLANG_WARN_STRICT_PROTOTYPES = YES;
				CLANG_WARN_SUSPICIOUS_MOVE = YES;
				CLANG_WARN_UNGUARDED_AVAILABILITY = YES_AGGRESSIVE;
				CLANG_WARN_UNREACHABLE_CODE = YES;
				CLANG_WARN__DUPLICATE_METHOD_MATCH = YES;
				CODE_SIGN_IDENTITY = "iPhone Developer";
				COPY_PHASE_STRIP = NO;
				DEBUG_INFORMATION_FORMAT = dwarf;
				ENABLE_STRICT_OBJC_MSGSEND = YES;
				ENABLE_TESTABILITY = YES;
				GCC_C_LANGUAGE_STANDARD = gnu11;
				GCC_DYNAMIC_NO_PIC = NO;
				GCC_NO_COMMON_BLOCKS = YES;
				GCC_OPTIMIZATION_LEVEL = 0;
				GCC_PREPROCESSOR_DEFINITIONS = (
					"DEBUG=1",
					"$(inherited)",
				);
				GCC_WARN_64_TO_32_BIT_CONVERSION = YES;
				GCC_WARN_ABOUT_RETURN_TYPE = YES_ERROR;
				GCC_WARN_UNDECLARED_SELECTOR = YES;
				GCC_WARN_UNINITIALIZED_AUTOS = YES_AGGRESSIVE;
				GCC_WARN_UNUSED_FUNCTION = YES;
				GCC_WARN_UNUSED_VARIABLE = YES;
				IPHONEOS_DEPLOYMENT_TARGET = 11.0;
				MTL_ENABLE_DEBUG_INFO = YES;
				ONLY_ACTIVE_ARCH = YES;
				SDKROOT = iphoneos;
			};
			name = Debug;
		};
		77B909D11F7A03A500F9CBFB /* Release */ = {
			isa = XCBuildConfiguration;
			buildSettings = {
				ALWAYS_SEARCH_USER_PATHS = NO;
				CLANG_ANALYZER_NONNULL = YES;
				CLANG_ANALYZER_NUMBER_OBJECT_CONVERSION = YES_AGGRESSIVE;
				CLANG_CXX_LANGUAGE_STANDARD = "gnu++14";
				CLANG_CXX_LIBRARY = "libc++";
				CLANG_ENABLE_MODULES = YES;
				CLANG_ENABLE_OBJC_ARC = YES;
				CLANG_WARN_BLOCK_CAPTURE_AUTORELEASING = YES;
				CLANG_WARN_BOOL_CONVERSION = YES;
				CLANG_WARN_COMMA = YES;
				CLANG_WARN_CONSTANT_CONVERSION = YES;
				CLANG_WARN_DIRECT_OBJC_ISA_USAGE = YES_ERROR;
				CLANG_WARN_DOCUMENTATION_COMMENTS = YES;
				CLANG_WARN_EMPTY_BODY = YES;
				CLANG_WARN_ENUM_CONVERSION = YES;
				CLANG_WARN_INFINITE_RECURSION = YES;
				CLANG_WARN_INT_CONVERSION = YES;
				CLANG_WARN_NON_LITERAL_NULL_CONVERSION = YES;
				CLANG_WARN_OBJC_LITERAL_CONVERSION = YES;
				CLANG_WARN_OBJC_ROOT_CLASS = YES_ERROR;
				CLANG_WARN_RANGE_LOOP_ANALYSIS = YES;
				CLANG_WARN_STRICT_PROTOTYPES = YES;
				CLANG_WARN_SUSPICIOUS_MOVE = YES;
				CLANG_WARN_UNGUARDED_AVAILABILITY = YES_AGGRESSIVE;
				CLANG_WARN_UNREACHABLE_CODE = YES;
				CLANG_WARN__DUPLICATE_METHOD_MATCH = YES;
				CODE_SIGN_IDENTITY = "iPhone Developer";
				COPY_PHASE_STRIP = NO;
				DEBUG_INFORMATION_FORMAT = "dwarf-with-dsym";
				ENABLE_NS_ASSERTIONS = NO;
				ENABLE_STRICT_OBJC_MSGSEND = YES;
				GCC_C_LANGUAGE_STANDARD = gnu11;
				GCC_NO_COMMON_BLOCKS = YES;
				GCC_WARN_64_TO_32_BIT_CONVERSION = YES;
				GCC_WARN_ABOUT_RETURN_TYPE = YES_ERROR;
				GCC_WARN_UNDECLARED_SELECTOR = YES;
				GCC_WARN_UNINITIALIZED_AUTOS = YES_AGGRESSIVE;
				GCC_WARN_UNUSED_FUNCTION = YES;
				GCC_WARN_UNUSED_VARIABLE = YES;
				IPHONEOS_DEPLOYMENT_TARGET = 11.0;
				MTL_ENABLE_DEBUG_INFO = NO;
				SDKROOT = iphoneos;
				VALIDATE_PRODUCT = YES;
			};
			name = Release;
		};
		77B909D31F7A03A500F9CBFB /* Debug */ = {
			isa = XCBuildConfiguration;
			buildSettings = {
				ASSETCATALOG_COMPILER_APPICON_NAME = AppIcon;
				CODE_SIGN_STYLE = Automatic;
				INFOPLIST_FILE = CrackQianTang/Info.plist;
				IPHONEOS_DEPLOYMENT_TARGET = 10.0;
				LD_RUNPATH_SEARCH_PATHS = "$(inherited) @executable_path/Frameworks";
				PRODUCT_BUNDLE_IDENTIFIER = com.matrix.CrackQianTang;
				PRODUCT_NAME = "$(TARGET_NAME)";
				TARGETED_DEVICE_FAMILY = 1;
			};
			name = Debug;
		};
		77B909D41F7A03A500F9CBFB /* Release */ = {
			isa = XCBuildConfiguration;
			buildSettings = {
				ASSETCATALOG_COMPILER_APPICON_NAME = AppIcon;
				CODE_SIGN_STYLE = Automatic;
				INFOPLIST_FILE = CrackQianTang/Info.plist;
				IPHONEOS_DEPLOYMENT_TARGET = 10.0;
				LD_RUNPATH_SEARCH_PATHS = "$(inherited) @executable_path/Frameworks";
				PRODUCT_BUNDLE_IDENTIFIER = com.matrix.CrackQianTang;
				PRODUCT_NAME = "$(TARGET_NAME)";
				TARGETED_DEVICE_FAMILY = 1;
			};
			name = Release;
		};
/* End XCBuildConfiguration section */

/* Begin XCConfigurationList section */
		77B909B71F7A03A500F9CBFB /* Build configuration list for PBXProject "CrackQianTang" */ = {
			isa = XCConfigurationList;
			buildConfigurations = (
				77B909D01F7A03A500F9CBFB /* Debug */,
				77B909D11F7A03A500F9CBFB /* Release */,
			);
			defaultConfigurationIsVisible = 0;
			defaultConfigurationName = Release;
		};
		77B909D21F7A03A500F9CBFB /* Build configuration list for PBXNativeTarget "CrackQianTang" */ = {
			isa = XCConfigurationList;
			buildConfigurations = (
				77B909D31F7A03A500F9CBFB /* Debug */,
				77B909D41F7A03A500F9CBFB /* Release */,
			);
			defaultConfigurationIsVisible = 0;
			defaultConfigurationName = Release;
		};
/* End XCConfigurationList section */
	};
	rootObject = 77B909B41F7A03A500F9CBFB /* Project object */;
}
