// !$*UTF8*$!
{
	archiveVersion = 1;
	classes = {
	};
	objectVersion = 48;
	objects = {

/* Begin PBXBuildFile section */
		7704DBF51F7B775A00C069FF /* QTElementToView.m in Sources */ = {isa = PBXBuildFile; fileRef = 7704DBF41F7B775A00C069FF /* QTElementToView.m */; };
		7704DBF81F7B780E00C069FF /* QTBaseView.m in Sources */ = {isa = PBXBuildFile; fileRef = 7704DBF71F7B780E00C069FF /* QTBaseView.m */; };
		7704DBFB1F7B783C00C069FF /* QTFinshView.m in Sources */ = {isa = PBXBuildFile; fileRef = 7704DBFA1F7B783C00C069FF /* QTFinshView.m */; };
		7704DBFE1F7B784B00C069FF /* QTHorizonBlockView.m in Sources */ = {isa = PBXBuildFile; fileRef = 7704DBFD1F7B784B00C069FF /* QTHorizonBlockView.m */; };
		7704DC011F7B785C00C069FF /* QTVerticalBlockView.m in Sources */ = {isa = PBXBuildFile; fileRef = 7704DC001F7B785C00C069FF /* QTVerticalBlockView.m */; };
		7704DC041F7B788700C069FF /* QTViewFatory.m in Sources */ = {isa = PBXBuildFile; fileRef = 7704DC031F7B788700C069FF /* QTViewFatory.m */; };
		7752A1C81F960DC700D53D3B /* EKTree.m in Sources */ = {isa = PBXBuildFile; fileRef = 7752A1811F96094200D53D3B /* EKTree.m */; };
		7752A1C91F960DC700D53D3B /* EKTreeNode.m in Sources */ = {isa = PBXBuildFile; fileRef = 7752A1821F96094200D53D3B /* EKTreeNode.m */; };
		7752A1CA1F960DC700D53D3B /* EKNode.m in Sources */ = {isa = PBXBuildFile; fileRef = 7752A1881F96094200D53D3B /* EKNode.m */; };
		7752A1CB1F960DC700D53D3B /* EKLinkedList.m in Sources */ = {isa = PBXBuildFile; fileRef = 7752A18B1F96094200D53D3B /* EKLinkedList.m */; };
		7752A1CC1F960DC700D53D3B /* EKGraph.m in Sources */ = {isa = PBXBuildFile; fileRef = 7752A18E1F96094200D53D3B /* EKGraph.m */; };
		7752A1CD1F960DC700D53D3B /* EKVertex.m in Sources */ = {isa = PBXBuildFile; fileRef = 7752A18F1F96094200D53D3B /* EKVertex.m */; };
		7752A1CE1F960DC700D53D3B /* EKEdge.m in Sources */ = {isa = PBXBuildFile; fileRef = 7752A1901F96094200D53D3B /* EKEdge.m */; };
		7752A1CF1F960DC700D53D3B /* EKBHeap.m in Sources */ = {isa = PBXBuildFile; fileRef = 7752A1961F96094200D53D3B /* EKBHeap.m */; };
		7752A1D01F960DC700D53D3B /* EKBSTree.m in Sources */ = {isa = PBXBuildFile; fileRef = 7752A1981F96094200D53D3B /* EKBSTree.m */; };
		7752A1D11F960DC700D53D3B /* EKBTreeNode.m in Sources */ = {isa = PBXBuildFile; fileRef = 7752A19B1F96094200D53D3B /* EKBTreeNode.m */; };
		7752A1D21F960DC700D53D3B /* EKStack.m in Sources */ = {isa = PBXBuildFile; fileRef = 7752A19D1F96094200D53D3B /* EKStack.m */; };
		7752A1D31F960DC700D53D3B /* EKDeque.m in Sources */ = {isa = PBXBuildFile; fileRef = 7752A19E1F96094200D53D3B /* EKDeque.m */; };
		7752A1D41F960DC700D53D3B /* EKQueue.m in Sources */ = {isa = PBXBuildFile; fileRef = 7752A19F1F96094200D53D3B /* EKQueue.m */; };
		7752A1D51F960DC700D53D3B /* EKBTree.m in Sources */ = {isa = PBXBuildFile; fileRef = 7752A1A21F96094200D53D3B /* EKBTree.m */; };
		7752A1D61F960DC700D53D3B /* EKAVLTreeNode.m in Sources */ = {isa = PBXBuildFile; fileRef = 7752A1A61F96094200D53D3B /* EKAVLTreeNode.m */; };
		7752A1D71F960DC700D53D3B /* EKAVLTree.m in Sources */ = {isa = PBXBuildFile; fileRef = 7752A1A71F96094200D53D3B /* EKAVLTree.m */; };
		7752A1D81F960DC700D53D3B /* NSDictionary+EKStuff.m in Sources */ = {isa = PBXBuildFile; fileRef = 7752A1AF1F96094200D53D3B /* NSDictionary+EKStuff.m */; };
		7752A1D91F960DC700D53D3B /* NSNumber+EKComparisonForIOS.m in Sources */ = {isa = PBXBuildFile; fileRef = 7752A1B11F96094200D53D3B /* NSNumber+EKComparisonForIOS.m */; };
		7752A1DA1F960DC700D53D3B /* NSObject+EKComparisonForIOS.m in Sources */ = {isa = PBXBuildFile; fileRef = 7752A1B41F96094200D53D3B /* NSObject+EKComparisonForIOS.m */; };
		7752A1DB1F960DC700D53D3B /* EKRecursionStuff.m in Sources */ = {isa = PBXBuildFile; fileRef = 7752A1B51F96094200D53D3B /* EKRecursionStuff.m */; };
		7752A1DC1F960DC700D53D3B /* NSString+EKStuff.m in Sources */ = {isa = PBXBuildFile; fileRef = 7752A1B61F96094200D53D3B /* NSString+EKStuff.m */; };
		7752A1DD1F960DC700D53D3B /* SSRadixNode.m in Sources */ = {isa = PBXBuildFile; fileRef = 7752A1BA1F96094200D53D3B /* SSRadixNode.m */; };
		7752A1DE1F960DC700D53D3B /* NSArray+EKSorting.m in Sources */ = {isa = PBXBuildFile; fileRef = 7752A1BB1F96094200D53D3B /* NSArray+EKSorting.m */; };
		7752A1DF1F960DC700D53D3B /* NSNumber+EKStuff.m in Sources */ = {isa = PBXBuildFile; fileRef = 7752A1BC1F96094200D53D3B /* NSNumber+EKStuff.m */; };
		7752A1E01F960DC700D53D3B /* NSArray+Selection.m in Sources */ = {isa = PBXBuildFile; fileRef = 7752A1BE1F96094200D53D3B /* NSArray+Selection.m */; };
		7752A1E11F960DC700D53D3B /* NSArray+EKStuff.m in Sources */ = {isa = PBXBuildFile; fileRef = 7752A1C01F96094200D53D3B /* NSArray+EKStuff.m */; };
		7752A1E21F960DC700D53D3B /* EKALocation.m in Sources */ = {isa = PBXBuildFile; fileRef = 7752A1C31F96094200D53D3B /* EKALocation.m */; };
		7752A1E31F960DC700D53D3B /* NSArray+EKGeometry.m in Sources */ = {isa = PBXBuildFile; fileRef = 7752A1C41F96094200D53D3B /* NSArray+EKGeometry.m */; };
		77B909C11F7A03A500F9CBFB /* AppDelegate.m in Sources */ = {isa = PBXBuildFile; fileRef = 77B909C01F7A03A500F9CBFB /* AppDelegate.m */; };
		77B909C41F7A03A500F9CBFB /* ViewController.m in Sources */ = {isa = PBXBuildFile; fileRef = 77B909C31F7A03A500F9CBFB /* ViewController.m */; };
		77B909C71F7A03A500F9CBFB /* Main.storyboard in Resources */ = {isa = PBXBuildFile; fileRef = 77B909C51F7A03A500F9CBFB /* Main.storyboard */; };
		77B909C91F7A03A500F9CBFB /* Assets.xcassets in Resources */ = {isa = PBXBuildFile; fileRef = 77B909C81F7A03A500F9CBFB /* Assets.xcassets */; };
		77B909CC1F7A03A500F9CBFB /* LaunchScreen.storyboard in Resources */ = {isa = PBXBuildFile; fileRef = 77B909CA1F7A03A500F9CBFB /* LaunchScreen.storyboard */; };
		77B909CF1F7A03A500F9CBFB /* main.m in Sources */ = {isa = PBXBuildFile; fileRef = 77B909CE1F7A03A500F9CBFB /* main.m */; };
		77B909D71F7A06CA00F9CBFB /* GameBoardView.m in Sources */ = {isa = PBXBuildFile; fileRef = 77B909D61F7A06CA00F9CBFB /* GameBoardView.m */; };
		77B909DB1F7A1A0700F9CBFB /* QTGameEngine.m in Sources */ = {isa = PBXBuildFile; fileRef = 77B909DA1F7A1A0700F9CBFB /* QTGameEngine.m */; };
		77B909DE1F7A1A5800F9CBFB /* QTGameMap.m in Sources */ = {isa = PBXBuildFile; fileRef = 77B909DD1F7A1A5800F9CBFB /* QTGameMap.m */; };
		77B909E11F7A1C0E00F9CBFB /* QTGameElement.m in Sources */ = {isa = PBXBuildFile; fileRef = 77B909E01F7A1C0E00F9CBFB /* QTGameElement.m */; };
		77B909E41F7A20AA00F9CBFB /* QTFishHeader.m in Sources */ = {isa = PBXBuildFile; fileRef = 77B909E31F7A20AA00F9CBFB /* QTFishHeader.m */; };
		77B909E71F7A217600F9CBFB /* QTFishBlocker.m in Sources */ = {isa = PBXBuildFile; fileRef = 77B909E61F7A217600F9CBFB /* QTFishBlocker.m */; };
		77B909EA1F7A21B100F9CBFB /* QTGameElementFactory.m in Sources */ = {isa = PBXBuildFile; fileRef = 77B909E91F7A21B100F9CBFB /* QTGameElementFactory.m */; };
		77B909ED1F7A266600F9CBFB /* QTIdentifyGenerator.m in Sources */ = {isa = PBXBuildFile; fileRef = 77B909EC1F7A266600F9CBFB /* QTIdentifyGenerator.m */; };
		77D676531F984B6F009FFD27 /* QTMapSingleton.m in Sources */ = {isa = PBXBuildFile; fileRef = 77D676511F984B6F009FFD27 /* QTMapSingleton.m */; };
/* End PBXBuildFile section */

/* Begin PBXFileReference section */
		7704DBF31F7B775A00C069FF /* QTElementToView.h */ = {isa = PBXFileReference; lastKnownFileType = sourcecode.c.h; path = QTElementToView.h; sourceTree = "<group>"; };
		7704DBF41F7B775A00C069FF /* QTElementToView.m */ = {isa = PBXFileReference; lastKnownFileType = sourcecode.c.objc; path = QTElementToView.m; sourceTree = "<group>"; };
		7704DBF61F7B780E00C069FF /* QTBaseView.h */ = {isa = PBXFileReference; lastKnownFileType = sourcecode.c.h; path = QTBaseView.h; sourceTree = "<group>"; };
		7704DBF71F7B780E00C069FF /* QTBaseView.m */ = {isa = PBXFileReference; lastKnownFileType = sourcecode.c.objc; path = QTBaseView.m; sourceTree = "<group>"; };
		7704DBF91F7B783C00C069FF /* QTFinshView.h */ = {isa = PBXFileReference; lastKnownFileType = sourcecode.c.h; path = QTFinshView.h; sourceTree = "<group>"; };
		7704DBFA1F7B783C00C069FF /* QTFinshView.m */ = {isa = PBXFileReference; lastKnownFileType = sourcecode.c.objc; path = QTFinshView.m; sourceTree = "<group>"; };
		7704DBFC1F7B784B00C069FF /* QTHorizonBlockView.h */ = {isa = PBXFileReference; lastKnownFileType = sourcecode.c.h; path = QTHorizonBlockView.h; sourceTree = "<group>"; };
		7704DBFD1F7B784B00C069FF /* QTHorizonBlockView.m */ = {isa = PBXFileReference; lastKnownFileType = sourcecode.c.objc; path = QTHorizonBlockView.m; sourceTree = "<group>"; };
		7704DBFF1F7B785C00C069FF /* QTVerticalBlockView.h */ = {isa = PBXFileReference; lastKnownFileType = sourcecode.c.h; path = QTVerticalBlockView.h; sourceTree = "<group>"; };
		7704DC001F7B785C00C069FF /* QTVerticalBlockView.m */ = {isa = PBXFileReference; lastKnownFileType = sourcecode.c.objc; path = QTVerticalBlockView.m; sourceTree = "<group>"; };
		7704DC021F7B788700C069FF /* QTViewFatory.h */ = {isa = PBXFileReference; lastKnownFileType = sourcecode.c.h; path = QTViewFatory.h; sourceTree = "<group>"; };
		7704DC031F7B788700C069FF /* QTViewFatory.m */ = {isa = PBXFileReference; lastKnownFileType = sourcecode.c.objc; path = QTViewFatory.m; sourceTree = "<group>"; };
		7752A17E1F96094200D53D3B /* NSString+EKStuff.h */ = {isa = PBXFileReference; lastKnownFileType = sourcecode.c.h; path = "NSString+EKStuff.h"; sourceTree = "<group>"; };
		7752A1811F96094200D53D3B /* EKTree.m */ = {isa = PBXFileReference; lastKnownFileType = sourcecode.c.objc; path = EKTree.m; sourceTree = "<group>"; };
		7752A1821F96094200D53D3B /* EKTreeNode.m */ = {isa = PBXFileReference; lastKnownFileType = sourcecode.c.objc; path = EKTreeNode.m; sourceTree = "<group>"; };
		7752A1831F96094200D53D3B /* EKTree.h */ = {isa = PBXFileReference; lastKnownFileType = sourcecode.c.h; path = EKTree.h; sourceTree = "<group>"; };
		7752A1841F96094200D53D3B /* EKTreeNode.h */ = {isa = PBXFileReference; lastKnownFileType = sourcecode.c.h; path = EKTreeNode.h; sourceTree = "<group>"; };
		7752A1851F96094200D53D3B /* EKStack.h */ = {isa = PBXFileReference; lastKnownFileType = sourcecode.c.h; path = EKStack.h; sourceTree = "<group>"; };
		7752A1861F96094200D53D3B /* EKDeque.h */ = {isa = PBXFileReference; lastKnownFileType = sourcecode.c.h; path = EKDeque.h; sourceTree = "<group>"; };
		7752A1881F96094200D53D3B /* EKNode.m */ = {isa = PBXFileReference; lastKnownFileType = sourcecode.c.objc; path = EKNode.m; sourceTree = "<group>"; };
		7752A1891F96094200D53D3B /* EKLinkedList.h */ = {isa = PBXFileReference; lastKnownFileType = sourcecode.c.h; path = EKLinkedList.h; sourceTree = "<group>"; };
		7752A18A1F96094200D53D3B /* EKNode.h */ = {isa = PBXFileReference; lastKnownFileType = sourcecode.c.h; path = EKNode.h; sourceTree = "<group>"; };
		7752A18B1F96094200D53D3B /* EKLinkedList.m */ = {isa = PBXFileReference; lastKnownFileType = sourcecode.c.objc; path = EKLinkedList.m; sourceTree = "<group>"; };
		7752A18C1F96094200D53D3B /* EKQueue.h */ = {isa = PBXFileReference; lastKnownFileType = sourcecode.c.h; path = EKQueue.h; sourceTree = "<group>"; };
		7752A18E1F96094200D53D3B /* EKGraph.m */ = {isa = PBXFileReference; lastKnownFileType = sourcecode.c.objc; path = EKGraph.m; sourceTree = "<group>"; };
		7752A18F1F96094200D53D3B /* EKVertex.m */ = {isa = PBXFileReference; lastKnownFileType = sourcecode.c.objc; path = EKVertex.m; sourceTree = "<group>"; };
		7752A1901F96094200D53D3B /* EKEdge.m */ = {isa = PBXFileReference; lastKnownFileType = sourcecode.c.objc; path = EKEdge.m; sourceTree = "<group>"; };
		7752A1911F96094200D53D3B /* EKGraph.h */ = {isa = PBXFileReference; lastKnownFileType = sourcecode.c.h; path = EKGraph.h; sourceTree = "<group>"; };
		7752A1921F96094200D53D3B /* EKGraphPicture.png */ = {isa = PBXFileReference; lastKnownFileType = image.png; path = EKGraphPicture.png; sourceTree = "<group>"; };
		7752A1931F96094200D53D3B /* EKEdge.h */ = {isa = PBXFileReference; lastKnownFileType = sourcecode.c.h; path = EKEdge.h; sourceTree = "<group>"; };
		7752A1941F96094200D53D3B /* EKTopsort.png */ = {isa = PBXFileReference; lastKnownFileType = image.png; path = EKTopsort.png; sourceTree = "<group>"; };
		7752A1951F96094200D53D3B /* EKVertex.h */ = {isa = PBXFileReference; lastKnownFileType = sourcecode.c.h; path = EKVertex.h; sourceTree = "<group>"; };
		7752A1961F96094200D53D3B /* EKBHeap.m */ = {isa = PBXFileReference; lastKnownFileType = sourcecode.c.objc; path = EKBHeap.m; sourceTree = "<group>"; };
		7752A1981F96094200D53D3B /* EKBSTree.m */ = {isa = PBXFileReference; lastKnownFileType = sourcecode.c.objc; path = EKBSTree.m; sourceTree = "<group>"; };
		7752A1991F96094200D53D3B /* EKBTreeNode.h */ = {isa = PBXFileReference; lastKnownFileType = sourcecode.c.h; path = EKBTreeNode.h; sourceTree = "<group>"; };
		7752A19A1F96094200D53D3B /* EKBSTree.png */ = {isa = PBXFileReference; lastKnownFileType = image.png; path = EKBSTree.png; sourceTree = "<group>"; };
		7752A19B1F96094200D53D3B /* EKBTreeNode.m */ = {isa = PBXFileReference; lastKnownFileType = sourcecode.c.objc; path = EKBTreeNode.m; sourceTree = "<group>"; };
		7752A19C1F96094200D53D3B /* EKBSTree.h */ = {isa = PBXFileReference; lastKnownFileType = sourcecode.c.h; path = EKBSTree.h; sourceTree = "<group>"; };
		7752A19D1F96094200D53D3B /* EKStack.m */ = {isa = PBXFileReference; lastKnownFileType = sourcecode.c.objc; path = EKStack.m; sourceTree = "<group>"; };
		7752A19E1F96094200D53D3B /* EKDeque.m */ = {isa = PBXFileReference; lastKnownFileType = sourcecode.c.objc; path = EKDeque.m; sourceTree = "<group>"; };
		7752A19F1F96094200D53D3B /* EKQueue.m */ = {isa = PBXFileReference; lastKnownFileType = sourcecode.c.objc; path = EKQueue.m; sourceTree = "<group>"; };
		7752A1A11F96094200D53D3B /* EKBTree.h */ = {isa = PBXFileReference; lastKnownFileType = sourcecode.c.h; path = EKBTree.h; sourceTree = "<group>"; };
		7752A1A21F96094200D53D3B /* EKBTree.m */ = {isa = PBXFileReference; lastKnownFileType = sourcecode.c.objc; path = EKBTree.m; sourceTree = "<group>"; };
		7752A1A41F96094200D53D3B /* EKAVLTreeNode.h */ = {isa = PBXFileReference; lastKnownFileType = sourcecode.c.h; path = EKAVLTreeNode.h; sourceTree = "<group>"; };
		7752A1A51F96094200D53D3B /* EKAVLTree.h */ = {isa = PBXFileReference; lastKnownFileType = sourcecode.c.h; path = EKAVLTree.h; sourceTree = "<group>"; };
		7752A1A61F96094200D53D3B /* EKAVLTreeNode.m */ = {isa = PBXFileReference; lastKnownFileType = sourcecode.c.objc; path = EKAVLTreeNode.m; sourceTree = "<group>"; };
		7752A1A71F96094200D53D3B /* EKAVLTree.m */ = {isa = PBXFileReference; lastKnownFileType = sourcecode.c.objc; path = EKAVLTree.m; sourceTree = "<group>"; };
		7752A1A81F96094200D53D3B /* EKBHeap.h */ = {isa = PBXFileReference; lastKnownFileType = sourcecode.c.h; path = EKBHeap.h; sourceTree = "<group>"; };
		7752A1A91F96094200D53D3B /* EKRecursionStuff.h */ = {isa = PBXFileReference; lastKnownFileType = sourcecode.c.h; path = EKRecursionStuff.h; sourceTree = "<group>"; };
		7752A1AA1F96094200D53D3B /* NSNumber+EKStuff.h */ = {isa = PBXFileReference; lastKnownFileType = sourcecode.c.h; path = "NSNumber+EKStuff.h"; sourceTree = "<group>"; };
		7752A1AB1F96094200D53D3B /* NSArray+EKStuff.h */ = {isa = PBXFileReference; lastKnownFileType = sourcecode.c.h; path = "NSArray+EKStuff.h"; sourceTree = "<group>"; };
		7752A1AD1F96094200D53D3B /* JosephusProblem.h */ = {isa = PBXFileReference; lastKnownFileType = sourcecode.c.h; path = JosephusProblem.h; sourceTree = "<group>"; };
		7752A1AE1F96094200D53D3B /* ModuloBias.h */ = {isa = PBXFileReference; lastKnownFileType = sourcecode.c.h; path = ModuloBias.h; sourceTree = "<group>"; };
		7752A1AF1F96094200D53D3B /* NSDictionary+EKStuff.m */ = {isa = PBXFileReference; lastKnownFileType = sourcecode.c.objc; path = "NSDictionary+EKStuff.m"; sourceTree = "<group>"; };
		7752A1B11F96094200D53D3B /* NSNumber+EKComparisonForIOS.m */ = {isa = PBXFileReference; lastKnownFileType = sourcecode.c.objc; path = "NSNumber+EKComparisonForIOS.m"; sourceTree = "<group>"; };
		7752A1B21F96094200D53D3B /* NSObject+EKComparisonForIOS.h */ = {isa = PBXFileReference; lastKnownFileType = sourcecode.c.h; path = "NSObject+EKComparisonForIOS.h"; sourceTree = "<group>"; };
		7752A1B31F96094200D53D3B /* NSNumber+EKComparisonForIOS.h */ = {isa = PBXFileReference; lastKnownFileType = sourcecode.c.h; path = "NSNumber+EKComparisonForIOS.h"; sourceTree = "<group>"; };
		7752A1B41F96094200D53D3B /* NSObject+EKComparisonForIOS.m */ = {isa = PBXFileReference; lastKnownFileType = sourcecode.c.objc; path = "NSObject+EKComparisonForIOS.m"; sourceTree = "<group>"; };
		7752A1B51F96094200D53D3B /* EKRecursionStuff.m */ = {isa = PBXFileReference; lastKnownFileType = sourcecode.c.objc; path = EKRecursionStuff.m; sourceTree = "<group>"; };
		7752A1B61F96094200D53D3B /* NSString+EKStuff.m */ = {isa = PBXFileReference; lastKnownFileType = sourcecode.c.objc; path = "NSString+EKStuff.m"; sourceTree = "<group>"; };
		7752A1B81F96094200D53D3B /* SSRadixNode.h */ = {isa = PBXFileReference; lastKnownFileType = sourcecode.c.h; path = SSRadixNode.h; sourceTree = "<group>"; };
		7752A1B91F96094200D53D3B /* NSArray+EKSorting.h */ = {isa = PBXFileReference; lastKnownFileType = sourcecode.c.h; path = "NSArray+EKSorting.h"; sourceTree = "<group>"; };
		7752A1BA1F96094200D53D3B /* SSRadixNode.m */ = {isa = PBXFileReference; lastKnownFileType = sourcecode.c.objc; path = SSRadixNode.m; sourceTree = "<group>"; };
		7752A1BB1F96094200D53D3B /* NSArray+EKSorting.m */ = {isa = PBXFileReference; lastKnownFileType = sourcecode.c.objc; path = "NSArray+EKSorting.m"; sourceTree = "<group>"; };
		7752A1BC1F96094200D53D3B /* NSNumber+EKStuff.m */ = {isa = PBXFileReference; lastKnownFileType = sourcecode.c.objc; path = "NSNumber+EKStuff.m"; sourceTree = "<group>"; };
		7752A1BE1F96094200D53D3B /* NSArray+Selection.m */ = {isa = PBXFileReference; lastKnownFileType = sourcecode.c.objc; path = "NSArray+Selection.m"; sourceTree = "<group>"; };
		7752A1BF1F96094200D53D3B /* NSArray+Selection.h */ = {isa = PBXFileReference; lastKnownFileType = sourcecode.c.h; path = "NSArray+Selection.h"; sourceTree = "<group>"; };
		7752A1C01F96094200D53D3B /* NSArray+EKStuff.m */ = {isa = PBXFileReference; lastKnownFileType = sourcecode.c.objc; path = "NSArray+EKStuff.m"; sourceTree = "<group>"; };
		7752A1C21F96094200D53D3B /* NSArray+EKGeometry.h */ = {isa = PBXFileReference; lastKnownFileType = sourcecode.c.h; path = "NSArray+EKGeometry.h"; sourceTree = "<group>"; };
		7752A1C31F96094200D53D3B /* EKALocation.m */ = {isa = PBXFileReference; lastKnownFileType = sourcecode.c.objc; path = EKALocation.m; sourceTree = "<group>"; };
		7752A1C41F96094200D53D3B /* NSArray+EKGeometry.m */ = {isa = PBXFileReference; lastKnownFileType = sourcecode.c.objc; path = "NSArray+EKGeometry.m"; sourceTree = "<group>"; };
		7752A1C51F96094200D53D3B /* EKGeometry.h */ = {isa = PBXFileReference; lastKnownFileType = sourcecode.c.h; path = EKGeometry.h; sourceTree = "<group>"; };
		7752A1C61F96094200D53D3B /* EKALocation.h */ = {isa = PBXFileReference; lastKnownFileType = sourcecode.c.h; path = EKALocation.h; sourceTree = "<group>"; };
		7752A1C71F96094200D53D3B /* NSDictionary+EKStuff.h */ = {isa = PBXFileReference; lastKnownFileType = sourcecode.c.h; path = "NSDictionary+EKStuff.h"; sourceTree = "<group>"; };
		77B909BC1F7A03A500F9CBFB /* CrackQianTang.app */ = {isa = PBXFileReference; explicitFileType = wrapper.application; includeInIndex = 0; path = CrackQianTang.app; sourceTree = BUILT_PRODUCTS_DIR; };
		77B909BF1F7A03A500F9CBFB /* AppDelegate.h */ = {isa = PBXFileReference; lastKnownFileType = sourcecode.c.h; path = AppDelegate.h; sourceTree = "<group>"; };
		77B909C01F7A03A500F9CBFB /* AppDelegate.m */ = {isa = PBXFileReference; lastKnownFileType = sourcecode.c.objc; path = AppDelegate.m; sourceTree = "<group>"; };
		77B909C21F7A03A500F9CBFB /* ViewController.h */ = {isa = PBXFileReference; lastKnownFileType = sourcecode.c.h; path = ViewController.h; sourceTree = "<group>"; };
		77B909C31F7A03A500F9CBFB /* ViewController.m */ = {isa = PBXFileReference; lastKnownFileType = sourcecode.c.objc; path = ViewController.m; sourceTree = "<group>"; };
		77B909C61F7A03A500F9CBFB /* Base */ = {isa = PBXFileReference; lastKnownFileType = file.storyboard; name = Base; path = Base.lproj/Main.storyboard; sourceTree = "<group>"; };
		77B909C81F7A03A500F9CBFB /* Assets.xcassets */ = {isa = PBXFileReference; lastKnownFileType = folder.assetcatalog; path = Assets.xcassets; sourceTree = "<group>"; };
		77B909CB1F7A03A500F9CBFB /* Base */ = {isa = PBXFileReference; lastKnownFileType = file.storyboard; name = Base; path = Base.lproj/LaunchScreen.storyboard; sourceTree = "<group>"; };
		77B909CD1F7A03A500F9CBFB /* Info.plist */ = {isa = PBXFileReference; lastKnownFileType = text.plist.xml; path = Info.plist; sourceTree = "<group>"; };
		77B909CE1F7A03A500F9CBFB /* main.m */ = {isa = PBXFileReference; lastKnownFileType = sourcecode.c.objc; path = main.m; sourceTree = "<group>"; };
		77B909D51F7A06CA00F9CBFB /* GameBoardView.h */ = {isa = PBXFileReference; lastKnownFileType = sourcecode.c.h; path = GameBoardView.h; sourceTree = "<group>"; };
		77B909D61F7A06CA00F9CBFB /* GameBoardView.m */ = {isa = PBXFileReference; lastKnownFileType = sourcecode.c.objc; path = GameBoardView.m; sourceTree = "<group>"; };
		77B909D91F7A1A0700F9CBFB /* QTGameEngine.h */ = {isa = PBXFileReference; lastKnownFileType = sourcecode.c.h; path = QTGameEngine.h; sourceTree = "<group>"; };
		77B909DA1F7A1A0700F9CBFB /* QTGameEngine.m */ = {isa = PBXFileReference; lastKnownFileType = sourcecode.c.objc; path = QTGameEngine.m; sourceTree = "<group>"; };
		77B909DC1F7A1A5800F9CBFB /* QTGameMap.h */ = {isa = PBXFileReference; lastKnownFileType = sourcecode.c.h; path = QTGameMap.h; sourceTree = "<group>"; };
		77B909DD1F7A1A5800F9CBFB /* QTGameMap.m */ = {isa = PBXFileReference; lastKnownFileType = sourcecode.c.objc; path = QTGameMap.m; sourceTree = "<group>"; };
		77B909DF1F7A1C0E00F9CBFB /* QTGameElement.h */ = {isa = PBXFileReference; lastKnownFileType = sourcecode.c.h; path = QTGameElement.h; sourceTree = "<group>"; };
		77B909E01F7A1C0E00F9CBFB /* QTGameElement.m */ = {isa = PBXFileReference; lastKnownFileType = sourcecode.c.objc; path = QTGameElement.m; sourceTree = "<group>"; };
		77B909E21F7A20AA00F9CBFB /* QTFishHeader.h */ = {isa = PBXFileReference; lastKnownFileType = sourcecode.c.h; path = QTFishHeader.h; sourceTree = "<group>"; };
		77B909E31F7A20AA00F9CBFB /* QTFishHeader.m */ = {isa = PBXFileReference; lastKnownFileType = sourcecode.c.objc; path = QTFishHeader.m; sourceTree = "<group>"; };
		77B909E51F7A217600F9CBFB /* QTFishBlocker.h */ = {isa = PBXFileReference; lastKnownFileType = sourcecode.c.h; path = QTFishBlocker.h; sourceTree = "<group>"; };
		77B909E61F7A217600F9CBFB /* QTFishBlocker.m */ = {isa = PBXFileReference; lastKnownFileType = sourcecode.c.objc; path = QTFishBlocker.m; sourceTree = "<group>"; };
		77B909E81F7A21B100F9CBFB /* QTGameElementFactory.h */ = {isa = PBXFileReference; lastKnownFileType = sourcecode.c.h; path = QTGameElementFactory.h; sourceTree = "<group>"; };
		77B909E91F7A21B100F9CBFB /* QTGameElementFactory.m */ = {isa = PBXFileReference; lastKnownFileType = sourcecode.c.objc; path = QTGameElementFactory.m; sourceTree = "<group>"; };
		77B909EB1F7A266600F9CBFB /* QTIdentifyGenerator.h */ = {isa = PBXFileReference; lastKnownFileType = sourcecode.c.h; path = QTIdentifyGenerator.h; sourceTree = "<group>"; };
		77B909EC1F7A266600F9CBFB /* QTIdentifyGenerator.m */ = {isa = PBXFileReference; lastKnownFileType = sourcecode.c.objc; path = QTIdentifyGenerator.m; sourceTree = "<group>"; };
		77D6764F1F984B6F009FFD27 /* QTMapSingleton.h */ = {isa = PBXFileReference; lastKnownFileType = sourcecode.c.h; path = QTMapSingleton.h; sourceTree = "<group>"; };
		77D676511F984B6F009FFD27 /* QTMapSingleton.m */ = {isa = PBXFileReference; lastKnownFileType = sourcecode.c.objc; path = QTMapSingleton.m; sourceTree = "<group>"; };
/* End PBXFileReference section */

/* Begin PBXFrameworksBuildPhase section */
		77B909B91F7A03A500F9CBFB /* Frameworks */ = {
			isa = PBXFrameworksBuildPhase;
			buildActionMask = 2147483647;
			files = (
			);
			runOnlyForDeploymentPostprocessing = 0;
		};
/* End PBXFrameworksBuildPhase section */

/* Begin PBXGroup section */
		7704DBF21F7B773800C069FF /* View */ = {
			isa = PBXGroup;
			children = (
				7704DBF31F7B775A00C069FF /* QTElementToView.h */,
				7704DBF41F7B775A00C069FF /* QTElementToView.m */,
				77B909D51F7A06CA00F9CBFB /* GameBoardView.h */,
				77B909D61F7A06CA00F9CBFB /* GameBoardView.m */,
				7704DBF61F7B780E00C069FF /* QTBaseView.h */,
				7704DBF71F7B780E00C069FF /* QTBaseView.m */,
				7704DBF91F7B783C00C069FF /* QTFinshView.h */,
				7704DBFA1F7B783C00C069FF /* QTFinshView.m */,
				7704DBFC1F7B784B00C069FF /* QTHorizonBlockView.h */,
				7704DBFD1F7B784B00C069FF /* QTHorizonBlockView.m */,
				7704DBFF1F7B785C00C069FF /* QTVerticalBlockView.h */,
				7704DC001F7B785C00C069FF /* QTVerticalBlockView.m */,
				7704DC021F7B788700C069FF /* QTViewFatory.h */,
				7704DC031F7B788700C069FF /* QTViewFatory.m */,
			);
			path = View;
			sourceTree = "<group>";
		};
		7752A17D1F96094200D53D3B /* EKAlgorithms */ = {
			isa = PBXGroup;
			children = (
				7752A17E1F96094200D53D3B /* NSString+EKStuff.h */,
				7752A17F1F96094200D53D3B /* Data Structures */,
				7752A1A91F96094200D53D3B /* EKRecursionStuff.h */,
				7752A1AA1F96094200D53D3B /* NSNumber+EKStuff.h */,
				7752A1AB1F96094200D53D3B /* NSArray+EKStuff.h */,
				7752A1AC1F96094200D53D3B /* Problems */,
				7752A1AF1F96094200D53D3B /* NSDictionary+EKStuff.m */,
				7752A1B01F96094200D53D3B /* iOS */,
				7752A1B51F96094200D53D3B /* EKRecursionStuff.m */,
				7752A1B61F96094200D53D3B /* NSString+EKStuff.m */,
				7752A1B71F96094200D53D3B /* Sorting */,
				7752A1BC1F96094200D53D3B /* NSNumber+EKStuff.m */,
				7752A1BD1F96094200D53D3B /* Selection */,
				7752A1C01F96094200D53D3B /* NSArray+EKStuff.m */,
				7752A1C11F96094200D53D3B /* Geometry */,
				7752A1C71F96094200D53D3B /* NSDictionary+EKStuff.h */,
			);
			path = EKAlgorithms;
			sourceTree = "<group>";
		};
		7752A17F1F96094200D53D3B /* Data Structures */ = {
			isa = PBXGroup;
			children = (
				7752A1801F96094200D53D3B /* Tree */,
				7752A1851F96094200D53D3B /* EKStack.h */,
				7752A1861F96094200D53D3B /* EKDeque.h */,
				7752A1871F96094200D53D3B /* LinkedList */,
				7752A18C1F96094200D53D3B /* EKQueue.h */,
				7752A18D1F96094200D53D3B /* Graph */,
				7752A1961F96094200D53D3B /* EKBHeap.m */,
				7752A1971F96094200D53D3B /* BinarySearchTree */,
				7752A19D1F96094200D53D3B /* EKStack.m */,
				7752A19E1F96094200D53D3B /* EKDeque.m */,
				7752A19F1F96094200D53D3B /* EKQueue.m */,
				7752A1A01F96094200D53D3B /* BinaryTree */,
				7752A1A31F96094200D53D3B /* AVLTree */,
				7752A1A81F96094200D53D3B /* EKBHeap.h */,
			);
			path = "Data Structures";
			sourceTree = "<group>";
		};
		7752A1801F96094200D53D3B /* Tree */ = {
			isa = PBXGroup;
			children = (
				7752A1811F96094200D53D3B /* EKTree.m */,
				7752A1821F96094200D53D3B /* EKTreeNode.m */,
				7752A1831F96094200D53D3B /* EKTree.h */,
				7752A1841F96094200D53D3B /* EKTreeNode.h */,
			);
			path = Tree;
			sourceTree = "<group>";
		};
		7752A1871F96094200D53D3B /* LinkedList */ = {
			isa = PBXGroup;
			children = (
				7752A1881F96094200D53D3B /* EKNode.m */,
				7752A1891F96094200D53D3B /* EKLinkedList.h */,
				7752A18A1F96094200D53D3B /* EKNode.h */,
				7752A18B1F96094200D53D3B /* EKLinkedList.m */,
			);
			path = LinkedList;
			sourceTree = "<group>";
		};
		7752A18D1F96094200D53D3B /* Graph */ = {
			isa = PBXGroup;
			children = (
				7752A18E1F96094200D53D3B /* EKGraph.m */,
				7752A18F1F96094200D53D3B /* EKVertex.m */,
				7752A1901F96094200D53D3B /* EKEdge.m */,
				7752A1911F96094200D53D3B /* EKGraph.h */,
				7752A1921F96094200D53D3B /* EKGraphPicture.png */,
				7752A1931F96094200D53D3B /* EKEdge.h */,
				7752A1941F96094200D53D3B /* EKTopsort.png */,
				7752A1951F96094200D53D3B /* EKVertex.h */,
			);
			path = Graph;
			sourceTree = "<group>";
		};
		7752A1971F96094200D53D3B /* BinarySearchTree */ = {
			isa = PBXGroup;
			children = (
				7752A1981F96094200D53D3B /* EKBSTree.m */,
				7752A1991F96094200D53D3B /* EKBTreeNode.h */,
				7752A19A1F96094200D53D3B /* EKBSTree.png */,
				7752A19B1F96094200D53D3B /* EKBTreeNode.m */,
				7752A19C1F96094200D53D3B /* EKBSTree.h */,
			);
			path = BinarySearchTree;
			sourceTree = "<group>";
		};
		7752A1A01F96094200D53D3B /* BinaryTree */ = {
			isa = PBXGroup;
			children = (
				7752A1A11F96094200D53D3B /* EKBTree.h */,
				7752A1A21F96094200D53D3B /* EKBTree.m */,
			);
			path = BinaryTree;
			sourceTree = "<group>";
		};
		7752A1A31F96094200D53D3B /* AVLTree */ = {
			isa = PBXGroup;
			children = (
				7752A1A41F96094200D53D3B /* EKAVLTreeNode.h */,
				7752A1A51F96094200D53D3B /* EKAVLTree.h */,
				7752A1A61F96094200D53D3B /* EKAVLTreeNode.m */,
				7752A1A71F96094200D53D3B /* EKAVLTree.m */,
			);
			path = AVLTree;
			sourceTree = "<group>";
		};
		7752A1AC1F96094200D53D3B /* Problems */ = {
			isa = PBXGroup;
			children = (
				7752A1AD1F96094200D53D3B /* JosephusProblem.h */,
				7752A1AE1F96094200D53D3B /* ModuloBias.h */,
			);
			path = Problems;
			sourceTree = "<group>";
		};
		7752A1B01F96094200D53D3B /* iOS */ = {
			isa = PBXGroup;
			children = (
				7752A1B11F96094200D53D3B /* NSNumber+EKComparisonForIOS.m */,
				7752A1B21F96094200D53D3B /* NSObject+EKComparisonForIOS.h */,
				7752A1B31F96094200D53D3B /* NSNumber+EKComparisonForIOS.h */,
				7752A1B41F96094200D53D3B /* NSObject+EKComparisonForIOS.m */,
			);
			path = iOS;
			sourceTree = "<group>";
		};
		7752A1B71F96094200D53D3B /* Sorting */ = {
			isa = PBXGroup;
			children = (
				7752A1B81F96094200D53D3B /* SSRadixNode.h */,
				7752A1B91F96094200D53D3B /* NSArray+EKSorting.h */,
				7752A1BA1F96094200D53D3B /* SSRadixNode.m */,
				7752A1BB1F96094200D53D3B /* NSArray+EKSorting.m */,
			);
			path = Sorting;
			sourceTree = "<group>";
		};
		7752A1BD1F96094200D53D3B /* Selection */ = {
			isa = PBXGroup;
			children = (
				7752A1BE1F96094200D53D3B /* NSArray+Selection.m */,
				7752A1BF1F96094200D53D3B /* NSArray+Selection.h */,
			);
			path = Selection;
			sourceTree = "<group>";
		};
		7752A1C11F96094200D53D3B /* Geometry */ = {
			isa = PBXGroup;
			children = (
				7752A1C21F96094200D53D3B /* NSArray+EKGeometry.h */,
				7752A1C31F96094200D53D3B /* EKALocation.m */,
				7752A1C41F96094200D53D3B /* NSArray+EKGeometry.m */,
				7752A1C51F96094200D53D3B /* EKGeometry.h */,
				7752A1C61F96094200D53D3B /* EKALocation.h */,
			);
			path = Geometry;
			sourceTree = "<group>";
		};
		77B909B31F7A03A500F9CBFB = {
			isa = PBXGroup;
			children = (
				77B909BE1F7A03A500F9CBFB /* CrackQianTang */,
				77B909BD1F7A03A500F9CBFB /* Products */,
			);
			sourceTree = "<group>";
		};
		77B909BD1F7A03A500F9CBFB /* Products */ = {
			isa = PBXGroup;
			children = (
				77B909BC1F7A03A500F9CBFB /* CrackQianTang.app */,
			);
			name = Products;
			sourceTree = "<group>";
		};
		77B909BE1F7A03A500F9CBFB /* CrackQianTang */ = {
			isa = PBXGroup;
			children = (
				7752A17D1F96094200D53D3B /* EKAlgorithms */,
				7704DBF21F7B773800C069FF /* View */,
				77B909D81F7A06D200F9CBFB /* GameEngine */,
				77B909BF1F7A03A500F9CBFB /* AppDelegate.h */,
				77B909C01F7A03A500F9CBFB /* AppDelegate.m */,
				77B909C21F7A03A500F9CBFB /* ViewController.h */,
				77B909C31F7A03A500F9CBFB /* ViewController.m */,
				77B909C51F7A03A500F9CBFB /* Main.storyboard */,
				77B909C81F7A03A500F9CBFB /* Assets.xcassets */,
				77B909CA1F7A03A500F9CBFB /* LaunchScreen.storyboard */,
				77B909CD1F7A03A500F9CBFB /* Info.plist */,
				77B909CE1F7A03A500F9CBFB /* main.m */,
			);
			path = CrackQianTang;
			sourceTree = "<group>";
		};
		77B909D81F7A06D200F9CBFB /* GameEngine */ = {
			isa = PBXGroup;
			children = (
				77B909D91F7A1A0700F9CBFB /* QTGameEngine.h */,
				77B909DA1F7A1A0700F9CBFB /* QTGameEngine.m */,
				77B909DC1F7A1A5800F9CBFB /* QTGameMap.h */,
				77B909DD1F7A1A5800F9CBFB /* QTGameMap.m */,
				77B909EB1F7A266600F9CBFB /* QTIdentifyGenerator.h */,
				77B909EC1F7A266600F9CBFB /* QTIdentifyGenerator.m */,
				77B909E81F7A21B100F9CBFB /* QTGameElementFactory.h */,
				77B909E91F7A21B100F9CBFB /* QTGameElementFactory.m */,
				77B909DF1F7A1C0E00F9CBFB /* QTGameElement.h */,
				77B909E01F7A1C0E00F9CBFB /* QTGameElement.m */,
				77B909E21F7A20AA00F9CBFB /* QTFishHeader.h */,
				77B909E31F7A20AA00F9CBFB /* QTFishHeader.m */,
				77B909E51F7A217600F9CBFB /* QTFishBlocker.h */,
				77B909E61F7A217600F9CBFB /* QTFishBlocker.m */,
				77D6764F1F984B6F009FFD27 /* QTMapSingleton.h */,
				77D676511F984B6F009FFD27 /* QTMapSingleton.m */,
			);
			path = GameEngine;
			sourceTree = "<group>";
		};
/* End PBXGroup section */

/* Begin PBXNativeTarget section */
		77B909BB1F7A03A500F9CBFB /* CrackQianTang */ = {
			isa = PBXNativeTarget;
			buildConfigurationList = 77B909D21F7A03A500F9CBFB /* Build configuration list for PBXNativeTarget "CrackQianTang" */;
			buildPhases = (
				77B909B81F7A03A500F9CBFB /* Sources */,
				77B909B91F7A03A500F9CBFB /* Frameworks */,
				77B909BA1F7A03A500F9CBFB /* Resources */,
			);
			buildRules = (
			);
			dependencies = (
			);
			name = CrackQianTang;
			productName = CrackQianTang;
			productReference = 77B909BC1F7A03A500F9CBFB /* CrackQianTang.app */;
			productType = "com.apple.product-type.application";
		};
/* End PBXNativeTarget section */

/* Begin PBXProject section */
		77B909B41F7A03A500F9CBFB /* Project object */ = {
			isa = PBXProject;
			attributes = {
				LastUpgradeCheck = 0900;
				ORGANIZATIONNAME = maainong;
				TargetAttributes = {
					77B909BB1F7A03A500F9CBFB = {
						CreatedOnToolsVersion = 9.0;
						ProvisioningStyle = Automatic;
					};
				};
			};
			buildConfigurationList = 77B909B71F7A03A500F9CBFB /* Build configuration list for PBXProject "CrackQianTang" */;
			compatibilityVersion = "Xcode 8.0";
			developmentRegion = en;
			hasScannedForEncodings = 0;
			knownRegions = (
				en,
				Base,
			);
			mainGroup = 77B909B31F7A03A500F9CBFB;
			productRefGroup = 77B909BD1F7A03A500F9CBFB /* Products */;
			projectDirPath = "";
			projectRoot = "";
			targets = (
				77B909BB1F7A03A500F9CBFB /* CrackQianTang */,
			);
		};
/* End PBXProject section */

/* Begin PBXResourcesBuildPhase section */
		77B909BA1F7A03A500F9CBFB /* Resources */ = {
			isa = PBXResourcesBuildPhase;
			buildActionMask = 2147483647;
			files = (
				77B909CC1F7A03A500F9CBFB /* LaunchScreen.storyboard in Resources */,
				77B909C91F7A03A500F9CBFB /* Assets.xcassets in Resources */,
				77B909C71F7A03A500F9CBFB /* Main.storyboard in Resources */,
			);
			runOnlyForDeploymentPostprocessing = 0;
		};
/* End PBXResourcesBuildPhase section */

/* Begin PBXSourcesBuildPhase section */
		77B909B81F7A03A500F9CBFB /* Sources */ = {
			isa = PBXSourcesBuildPhase;
			buildActionMask = 2147483647;
			files = (
				7752A1C81F960DC700D53D3B /* EKTree.m in Sources */,
				7752A1C91F960DC700D53D3B /* EKTreeNode.m in Sources */,
				7752A1CA1F960DC700D53D3B /* EKNode.m in Sources */,
				7752A1CB1F960DC700D53D3B /* EKLinkedList.m in Sources */,
				7752A1CC1F960DC700D53D3B /* EKGraph.m in Sources */,
				7752A1CD1F960DC700D53D3B /* EKVertex.m in Sources */,
				7752A1CE1F960DC700D53D3B /* EKEdge.m in Sources */,
				7752A1CF1F960DC700D53D3B /* EKBHeap.m in Sources */,
				7752A1D01F960DC700D53D3B /* EKBSTree.m in Sources */,
				7752A1D11F960DC700D53D3B /* EKBTreeNode.m in Sources */,
				7752A1D21F960DC700D53D3B /* EKStack.m in Sources */,
				7752A1D31F960DC700D53D3B /* EKDeque.m in Sources */,
				7752A1D41F960DC700D53D3B /* EKQueue.m in Sources */,
				7752A1D51F960DC700D53D3B /* EKBTree.m in Sources */,
				7752A1D61F960DC700D53D3B /* EKAVLTreeNode.m in Sources */,
				7752A1D71F960DC700D53D3B /* EKAVLTree.m in Sources */,
				7752A1D81F960DC700D53D3B /* NSDictionary+EKStuff.m in Sources */,
				7752A1D91F960DC700D53D3B /* NSNumber+EKComparisonForIOS.m in Sources */,
				7752A1DA1F960DC700D53D3B /* NSObject+EKComparisonForIOS.m in Sources */,
				7752A1DB1F960DC700D53D3B /* EKRecursionStuff.m in Sources */,
				7752A1DC1F960DC700D53D3B /* NSString+EKStuff.m in Sources */,
				7752A1DD1F960DC700D53D3B /* SSRadixNode.m in Sources */,
				7752A1DE1F960DC700D53D3B /* NSArray+EKSorting.m in Sources */,
				7752A1DF1F960DC700D53D3B /* NSNumber+EKStuff.m in Sources */,
				7752A1E01F960DC700D53D3B /* NSArray+Selection.m in Sources */,
				7752A1E11F960DC700D53D3B /* NSArray+EKStuff.m in Sources */,
				7752A1E21F960DC700D53D3B /* EKALocation.m in Sources */,
				7752A1E31F960DC700D53D3B /* NSArray+EKGeometry.m in Sources */,
				77B909C41F7A03A500F9CBFB /* ViewController.m in Sources */,
				7704DBF51F7B775A00C069FF /* QTElementToView.m in Sources */,
				77B909E41F7A20AA00F9CBFB /* QTFishHeader.m in Sources */,
				77D676531F984B6F009FFD27 /* QTMapSingleton.m in Sources */,
				77B909ED1F7A266600F9CBFB /* QTIdentifyGenerator.m in Sources */,
				77B909DB1F7A1A0700F9CBFB /* QTGameEngine.m in Sources */,
				7704DC011F7B785C00C069FF /* QTVerticalBlockView.m in Sources */,
				77B909CF1F7A03A500F9CBFB /* main.m in Sources */,
				77B909EA1F7A21B100F9CBFB /* QTGameElementFactory.m in Sources */,
				77B909E11F7A1C0E00F9CBFB /* QTGameElement.m in Sources */,
				7704DBFB1F7B783C00C069FF /* QTFinshView.m in Sources */,
				77B909DE1F7A1A5800F9CBFB /* QTGameMap.m in Sources */,
				7704DBF81F7B780E00C069FF /* QTBaseView.m in Sources */,
				77B909E71F7A217600F9CBFB /* QTFishBlocker.m in Sources */,
				7704DC041F7B788700C069FF /* QTViewFatory.m in Sources */,
				77B909C11F7A03A500F9CBFB /* AppDelegate.m in Sources */,
				77B909D71F7A06CA00F9CBFB /* GameBoardView.m in Sources */,
				7704DBFE1F7B784B00C069FF /* QTHorizonBlockView.m in Sources */,
			);
			runOnlyForDeploymentPostprocessing = 0;
		};
/* End PBXSourcesBuildPhase section */

/* Begin PBXVariantGroup section */
		77B909C51F7A03A500F9CBFB /* Main.storyboard */ = {
			isa = PBXVariantGroup;
			children = (
				77B909C61F7A03A500F9CBFB /* Base */,
			);
			name = Main.storyboard;
			sourceTree = "<group>";
		};
		77B909CA1F7A03A500F9CBFB /* LaunchScreen.storyboard */ = {
			isa = PBXVariantGroup;
			children = (
				77B909CB1F7A03A500F9CBFB /* Base */,
			);
			name = LaunchScreen.storyboard;
			sourceTree = "<group>";
		};
/* End PBXVariantGroup section */

/* Begin XCBuildConfiguration section */
		77B909D01F7A03A500F9CBFB /* Debug */ = {
			isa = XCBuildConfiguration;
			buildSettings = {
				ALWAYS_SEARCH_USER_PATHS = NO;
				CLANG_ANALYZER_NONNULL = YES;
				CLANG_ANALYZER_NUMBER_OBJECT_CONVERSION = YES_AGGRESSIVE;
				CLANG_CXX_LANGUAGE_STANDARD = "gnu++14";
				CLANG_CXX_LIBRARY = "libc++";
				CLANG_ENABLE_MODULES = YES;
				CLANG_ENABLE_OBJC_ARC = YES;
				CLANG_WARN_BLOCK_CAPTURE_AUTORELEASING = YES;
				CLANG_WARN_BOOL_CONVERSION = YES;
				CLANG_WARN_COMMA = YES;
				CLANG_WARN_CONSTANT_CONVERSION = YES;
				CLANG_WARN_DIRECT_OBJC_ISA_USAGE = YES_ERROR;
				CLANG_WARN_DOCUMENTATION_COMMENTS = YES;
				CLANG_WARN_EMPTY_BODY = YES;
				CLANG_WARN_ENUM_CONVERSION = YES;
				CLANG_WARN_INFINITE_RECURSION = YES;
				CLANG_WARN_INT_CONVERSION = YES;
				CLANG_WARN_NON_LITERAL_NULL_CONVERSION = YES;
				CLANG_WARN_OBJC_LITERAL_CONVERSION = YES;
				CLANG_WARN_OBJC_ROOT_CLASS = YES_ERROR;
				CLANG_WARN_RANGE_LOOP_ANALYSIS = YES;
				CLANG_WARN_STRICT_PROTOTYPES = YES;
				CLANG_WARN_SUSPICIOUS_MOVE = YES;
				CLANG_WARN_UNGUARDED_AVAILABILITY = YES_AGGRESSIVE;
				CLANG_WARN_UNREACHABLE_CODE = YES;
				CLANG_WARN__DUPLICATE_METHOD_MATCH = YES;
				CODE_SIGN_IDENTITY = "iPhone Developer";
				COPY_PHASE_STRIP = NO;
				DEBUG_INFORMATION_FORMAT = dwarf;
				ENABLE_STRICT_OBJC_MSGSEND = YES;
				ENABLE_TESTABILITY = YES;
				GCC_C_LANGUAGE_STANDARD = gnu11;
				GCC_DYNAMIC_NO_PIC = NO;
				GCC_NO_COMMON_BLOCKS = YES;
				GCC_OPTIMIZATION_LEVEL = 0;
				GCC_PREPROCESSOR_DEFINITIONS = (
					"DEBUG=1",
					"$(inherited)",
				);
				GCC_WARN_64_TO_32_BIT_CONVERSION = YES;
				GCC_WARN_ABOUT_RETURN_TYPE = YES_ERROR;
				GCC_WARN_UNDECLARED_SELECTOR = YES;
				GCC_WARN_UNINITIALIZED_AUTOS = YES_AGGRESSIVE;
				GCC_WARN_UNUSED_FUNCTION = YES;
				GCC_WARN_UNUSED_VARIABLE = YES;
				IPHONEOS_DEPLOYMENT_TARGET = 11.0;
				MTL_ENABLE_DEBUG_INFO = YES;
				ONLY_ACTIVE_ARCH = YES;
				SDKROOT = iphoneos;
			};
			name = Debug;
		};
		77B909D11F7A03A500F9CBFB /* Release */ = {
			isa = XCBuildConfiguration;
			buildSettings = {
				ALWAYS_SEARCH_USER_PATHS = NO;
				CLANG_ANALYZER_NONNULL = YES;
				CLANG_ANALYZER_NUMBER_OBJECT_CONVERSION = YES_AGGRESSIVE;
				CLANG_CXX_LANGUAGE_STANDARD = "gnu++14";
				CLANG_CXX_LIBRARY = "libc++";
				CLANG_ENABLE_MODULES = YES;
				CLANG_ENABLE_OBJC_ARC = YES;
				CLANG_WARN_BLOCK_CAPTURE_AUTORELEASING = YES;
				CLANG_WARN_BOOL_CONVERSION = YES;
				CLANG_WARN_COMMA = YES;
				CLANG_WARN_CONSTANT_CONVERSION = YES;
				CLANG_WARN_DIRECT_OBJC_ISA_USAGE = YES_ERROR;
				CLANG_WARN_DOCUMENTATION_COMMENTS = YES;
				CLANG_WARN_EMPTY_BODY = YES;
				CLANG_WARN_ENUM_CONVERSION = YES;
				CLANG_WARN_INFINITE_RECURSION = YES;
				CLANG_WARN_INT_CONVERSION = YES;
				CLANG_WARN_NON_LITERAL_NULL_CONVERSION = YES;
				CLANG_WARN_OBJC_LITERAL_CONVERSION = YES;
				CLANG_WARN_OBJC_ROOT_CLASS = YES_ERROR;
				CLANG_WARN_RANGE_LOOP_ANALYSIS = YES;
				CLANG_WARN_STRICT_PROTOTYPES = YES;
				CLANG_WARN_SUSPICIOUS_MOVE = YES;
				CLANG_WARN_UNGUARDED_AVAILABILITY = YES_AGGRESSIVE;
				CLANG_WARN_UNREACHABLE_CODE = YES;
				CLANG_WARN__DUPLICATE_METHOD_MATCH = YES;
				CODE_SIGN_IDENTITY = "iPhone Developer";
				COPY_PHASE_STRIP = NO;
				DEBUG_INFORMATION_FORMAT = "dwarf-with-dsym";
				ENABLE_NS_ASSERTIONS = NO;
				ENABLE_STRICT_OBJC_MSGSEND = YES;
				GCC_C_LANGUAGE_STANDARD = gnu11;
				GCC_NO_COMMON_BLOCKS = YES;
				GCC_WARN_64_TO_32_BIT_CONVERSION = YES;
				GCC_WARN_ABOUT_RETURN_TYPE = YES_ERROR;
				GCC_WARN_UNDECLARED_SELECTOR = YES;
				GCC_WARN_UNINITIALIZED_AUTOS = YES_AGGRESSIVE;
				GCC_WARN_UNUSED_FUNCTION = YES;
				GCC_WARN_UNUSED_VARIABLE = YES;
				IPHONEOS_DEPLOYMENT_TARGET = 11.0;
				MTL_ENABLE_DEBUG_INFO = NO;
				SDKROOT = iphoneos;
				VALIDATE_PRODUCT = YES;
			};
			name = Release;
		};
		77B909D31F7A03A500F9CBFB /* Debug */ = {
			isa = XCBuildConfiguration;
			buildSettings = {
				ASSETCATALOG_COMPILER_APPICON_NAME = AppIcon;
				CODE_SIGN_STYLE = Automatic;
				INFOPLIST_FILE = CrackQianTang/Info.plist;
				IPHONEOS_DEPLOYMENT_TARGET = 10.0;
				LD_RUNPATH_SEARCH_PATHS = "$(inherited) @executable_path/Frameworks";
				PRODUCT_BUNDLE_IDENTIFIER = com.matrix.CrackQianTang;
				PRODUCT_NAME = "$(TARGET_NAME)";
				TARGETED_DEVICE_FAMILY = 1;
			};
			name = Debug;
		};
		77B909D41F7A03A500F9CBFB /* Release */ = {
			isa = XCBuildConfiguration;
			buildSettings = {
				ASSETCATALOG_COMPILER_APPICON_NAME = AppIcon;
				CODE_SIGN_STYLE = Automatic;
				INFOPLIST_FILE = CrackQianTang/Info.plist;
				IPHONEOS_DEPLOYMENT_TARGET = 10.0;
				LD_RUNPATH_SEARCH_PATHS = "$(inherited) @executable_path/Frameworks";
				PRODUCT_BUNDLE_IDENTIFIER = com.matrix.CrackQianTang;
				PRODUCT_NAME = "$(TARGET_NAME)";
				TARGETED_DEVICE_FAMILY = 1;
			};
			name = Release;
		};
/* End XCBuildConfiguration section */

/* Begin XCConfigurationList section */
		77B909B71F7A03A500F9CBFB /* Build configuration list for PBXProject "CrackQianTang" */ = {
			isa = XCConfigurationList;
			buildConfigurations = (
				77B909D01F7A03A500F9CBFB /* Debug */,
				77B909D11F7A03A500F9CBFB /* Release */,
			);
			defaultConfigurationIsVisible = 0;
			defaultConfigurationName = Release;
		};
		77B909D21F7A03A500F9CBFB /* Build configuration list for PBXNativeTarget "CrackQianTang" */ = {
			isa = XCConfigurationList;
			buildConfigurations = (
				77B909D31F7A03A500F9CBFB /* Debug */,
				77B909D41F7A03A500F9CBFB /* Release */,
			);
			defaultConfigurationIsVisible = 0;
			defaultConfigurationName = Release;
		};
/* End XCConfigurationList section */
	};
	rootObject = 77B909B41F7A03A500F9CBFB /* Project object */;
}
